// !$*UTF8*$!
{
	archiveVersion = 1;
	classes = {
	};
	objectVersion = 46;
	objects = {

/* Begin PBXBuildFile section */
		DB47F9C215F3773B0009E9AA /* CLKTICK3.wav in Resources */ = {isa = PBXBuildFile; fileRef = DB47F9C115F3773A0009E9AA /* CLKTICK3.wav */; };
		DB47F9CD15F37BB00009E9AA /* clock.wav in Resources */ = {isa = PBXBuildFile; fileRef = DB47F9CC15F37BB00009E9AA /* clock.wav */; };
		DB47F9CF15F37E710009E9AA /* clock1.mp3 in Resources */ = {isa = PBXBuildFile; fileRef = DB47F9CE15F37E710009E9AA /* clock1.mp3 */; };
		DB47F9D115F380990009E9AA /* cuckoo4.wav in Resources */ = {isa = PBXBuildFile; fileRef = DB47F9D015F380990009E9AA /* cuckoo4.wav */; };
		DB47F9D315F382320009E9AA /* clock2.mp3 in Resources */ = {isa = PBXBuildFile; fileRef = DB47F9D215F382320009E9AA /* clock2.mp3 */; };
		DB52674615CCFDA300F6233E /* egg.png in Resources */ = {isa = PBXBuildFile; fileRef = DB52674515CCFDA300F6233E /* egg.png */; };
		DB55414215FC4A86003DCC6C /* Default.png in Resources */ = {isa = PBXBuildFile; fileRef = DB55414015FC4A86003DCC6C /* Default.png */; };
		DB55414315FC4A86003DCC6C /* Default@2x.png in Resources */ = {isa = PBXBuildFile; fileRef = DB55414115FC4A86003DCC6C /* Default@2x.png */; };
		DB6AB97515FC49CF001884A6 /* Icon-72.png in Resources */ = {isa = PBXBuildFile; fileRef = DB6AB96E15FC49CF001884A6 /* Icon-72.png */; };
		DB6AB97615FC49CF001884A6 /* Icon-Small-50.png in Resources */ = {isa = PBXBuildFile; fileRef = DB6AB96F15FC49CF001884A6 /* Icon-Small-50.png */; };
		DB6AB97715FC49CF001884A6 /* Icon-Small.png in Resources */ = {isa = PBXBuildFile; fileRef = DB6AB97015FC49CF001884A6 /* Icon-Small.png */; };
		DB6AB97815FC49CF001884A6 /* Icon-Small@2x.png in Resources */ = {isa = PBXBuildFile; fileRef = DB6AB97115FC49CF001884A6 /* Icon-Small@2x.png */; };
		DB6AB97915FC49CF001884A6 /* Icon.png in Resources */ = {isa = PBXBuildFile; fileRef = DB6AB97215FC49CF001884A6 /* Icon.png */; };
		DB6AB97A15FC49CF001884A6 /* Icon@2x.png in Resources */ = {isa = PBXBuildFile; fileRef = DB6AB97315FC49CF001884A6 /* Icon@2x.png */; };
		DB6AB97B15FC49CF001884A6 /* iTunesArtwork.png in Resources */ = {isa = PBXBuildFile; fileRef = DB6AB97415FC49CF001884A6 /* iTunesArtwork.png */; };
		DB6ADFB3160628770032A4F9 /* egg2.png in Resources */ = {isa = PBXBuildFile; fileRef = DB6ADFB2160628770032A4F9 /* egg2.png */; };
		DB6ADFB6160629F90032A4F9 /* leftright-d.png in Resources */ = {isa = PBXBuildFile; fileRef = DB6ADFB4160629F90032A4F9 /* leftright-d.png */; };
		DB6ADFB9160630A60032A4F9 /* updown-d.png in Resources */ = {isa = PBXBuildFile; fileRef = DB6ADFB8160630A60032A4F9 /* updown-d.png */; };
		DB6ADFBB160632740032A4F9 /* updownd.png in Resources */ = {isa = PBXBuildFile; fileRef = DB6ADFBA160632730032A4F9 /* updownd.png */; };
		DB6F517E15F39EB000D19428 /* turn.mp3 in Resources */ = {isa = PBXBuildFile; fileRef = DB6F517D15F39EB000D19428 /* turn.mp3 */; };
		DBA22BEB160EBAA700A94FC7 /* egg2-red.png in Resources */ = {isa = PBXBuildFile; fileRef = DBA22BEA160EBAA700A94FC7 /* egg2-red.png */; };
		DBA22BED160EBCFE00A94FC7 /* bg.png in Resources */ = {isa = PBXBuildFile; fileRef = DBA22BEC160EBCFE00A94FC7 /* bg.png */; };
		DBAC739815CCF5ED00016453 /* QuartzCore.framework in Frameworks */ = {isa = PBXBuildFile; fileRef = DBAC739715CCF5ED00016453 /* QuartzCore.framework */; };
		DBAC739A15CCF5ED00016453 /* OpenGLES.framework in Frameworks */ = {isa = PBXBuildFile; fileRef = DBAC739915CCF5ED00016453 /* OpenGLES.framework */; };
		DBAC739C15CCF5ED00016453 /* OpenAL.framework in Frameworks */ = {isa = PBXBuildFile; fileRef = DBAC739B15CCF5ED00016453 /* OpenAL.framework */; };
		DBAC739E15CCF5ED00016453 /* AudioToolbox.framework in Frameworks */ = {isa = PBXBuildFile; fileRef = DBAC739D15CCF5ED00016453 /* AudioToolbox.framework */; };
		DBAC73A015CCF5ED00016453 /* AVFoundation.framework in Frameworks */ = {isa = PBXBuildFile; fileRef = DBAC739F15CCF5ED00016453 /* AVFoundation.framework */; };
		DBAC73A215CCF5ED00016453 /* UIKit.framework in Frameworks */ = {isa = PBXBuildFile; fileRef = DBAC73A115CCF5ED00016453 /* UIKit.framework */; };
		DBAC73A415CCF5ED00016453 /* Foundation.framework in Frameworks */ = {isa = PBXBuildFile; fileRef = DBAC73A315CCF5ED00016453 /* Foundation.framework */; };
		DBAC73A615CCF5ED00016453 /* CoreGraphics.framework in Frameworks */ = {isa = PBXBuildFile; fileRef = DBAC73A515CCF5ED00016453 /* CoreGraphics.framework */; };
		DBAC73AC15CCF5ED00016453 /* fps_images.png in Resources */ = {isa = PBXBuildFile; fileRef = DBAC73AB15CCF5ED00016453 /* fps_images.png */; };
		DBAC73C015CCF5ED00016453 /* CCAction.m in Sources */ = {isa = PBXBuildFile; fileRef = DBAC73BF15CCF5ED00016453 /* CCAction.m */; };
		DBAC73C315CCF5ED00016453 /* CCActionCamera.m in Sources */ = {isa = PBXBuildFile; fileRef = DBAC73C215CCF5ED00016453 /* CCActionCamera.m */; };
		DBAC73C615CCF5ED00016453 /* CCActionEase.m in Sources */ = {isa = PBXBuildFile; fileRef = DBAC73C515CCF5ED00016453 /* CCActionEase.m */; };
		DBAC73C915CCF5ED00016453 /* CCActionGrid.m in Sources */ = {isa = PBXBuildFile; fileRef = DBAC73C815CCF5ED00016453 /* CCActionGrid.m */; };
		DBAC73CC15CCF5ED00016453 /* CCActionGrid3D.m in Sources */ = {isa = PBXBuildFile; fileRef = DBAC73CB15CCF5ED00016453 /* CCActionGrid3D.m */; };
		DBAC73CF15CCF5ED00016453 /* CCActionInstant.m in Sources */ = {isa = PBXBuildFile; fileRef = DBAC73CE15CCF5ED00016453 /* CCActionInstant.m */; };
		DBAC73D215CCF5ED00016453 /* CCActionInterval.m in Sources */ = {isa = PBXBuildFile; fileRef = DBAC73D115CCF5ED00016453 /* CCActionInterval.m */; };
		DBAC73D515CCF5ED00016453 /* CCActionManager.m in Sources */ = {isa = PBXBuildFile; fileRef = DBAC73D415CCF5ED00016453 /* CCActionManager.m */; };
		DBAC73D815CCF5ED00016453 /* CCActionPageTurn3D.m in Sources */ = {isa = PBXBuildFile; fileRef = DBAC73D715CCF5ED00016453 /* CCActionPageTurn3D.m */; };
		DBAC73DB15CCF5ED00016453 /* CCActionProgressTimer.m in Sources */ = {isa = PBXBuildFile; fileRef = DBAC73DA15CCF5ED00016453 /* CCActionProgressTimer.m */; };
		DBAC73DE15CCF5ED00016453 /* CCActionTiledGrid.m in Sources */ = {isa = PBXBuildFile; fileRef = DBAC73DD15CCF5ED00016453 /* CCActionTiledGrid.m */; };
		DBAC73E115CCF5ED00016453 /* CCActionTween.m in Sources */ = {isa = PBXBuildFile; fileRef = DBAC73E015CCF5ED00016453 /* CCActionTween.m */; };
		DBAC73E415CCF5ED00016453 /* CCAnimation.m in Sources */ = {isa = PBXBuildFile; fileRef = DBAC73E315CCF5ED00016453 /* CCAnimation.m */; };
		DBAC73E715CCF5ED00016453 /* CCAnimationCache.m in Sources */ = {isa = PBXBuildFile; fileRef = DBAC73E615CCF5ED00016453 /* CCAnimationCache.m */; };
		DBAC73EA15CCF5ED00016453 /* CCAtlasNode.m in Sources */ = {isa = PBXBuildFile; fileRef = DBAC73E915CCF5ED00016453 /* CCAtlasNode.m */; };
		DBAC73ED15CCF5ED00016453 /* CCBlockSupport.m in Sources */ = {isa = PBXBuildFile; fileRef = DBAC73EC15CCF5ED00016453 /* CCBlockSupport.m */; };
		DBAC73F015CCF5ED00016453 /* CCCamera.m in Sources */ = {isa = PBXBuildFile; fileRef = DBAC73EF15CCF5ED00016453 /* CCCamera.m */; };
		DBAC73F415CCF5ED00016453 /* CCConfiguration.m in Sources */ = {isa = PBXBuildFile; fileRef = DBAC73F315CCF5ED00016453 /* CCConfiguration.m */; };
		DBAC73F715CCF5ED00016453 /* CCDirector.m in Sources */ = {isa = PBXBuildFile; fileRef = DBAC73F615CCF5ED00016453 /* CCDirector.m */; };
		DBAC73FA15CCF5ED00016453 /* CCDrawingPrimitives.m in Sources */ = {isa = PBXBuildFile; fileRef = DBAC73F915CCF5ED00016453 /* CCDrawingPrimitives.m */; };
		DBAC73FD15CCF5EE00016453 /* CCGrabber.m in Sources */ = {isa = PBXBuildFile; fileRef = DBAC73FC15CCF5EE00016453 /* CCGrabber.m */; };
		DBAC740015CCF5EE00016453 /* CCGrid.m in Sources */ = {isa = PBXBuildFile; fileRef = DBAC73FF15CCF5EE00016453 /* CCGrid.m */; };
		DBAC740315CCF5EE00016453 /* CCLabelAtlas.m in Sources */ = {isa = PBXBuildFile; fileRef = DBAC740215CCF5EE00016453 /* CCLabelAtlas.m */; };
		DBAC740615CCF5EE00016453 /* CCLabelBMFont.m in Sources */ = {isa = PBXBuildFile; fileRef = DBAC740515CCF5EE00016453 /* CCLabelBMFont.m */; };
		DBAC740915CCF5EE00016453 /* CCLabelTTF.m in Sources */ = {isa = PBXBuildFile; fileRef = DBAC740815CCF5EE00016453 /* CCLabelTTF.m */; };
		DBAC740C15CCF5EE00016453 /* CCLayer.m in Sources */ = {isa = PBXBuildFile; fileRef = DBAC740B15CCF5EE00016453 /* CCLayer.m */; };
		DBAC741015CCF5EE00016453 /* CCMenu.m in Sources */ = {isa = PBXBuildFile; fileRef = DBAC740F15CCF5EE00016453 /* CCMenu.m */; };
		DBAC741315CCF5EE00016453 /* CCMenuItem.m in Sources */ = {isa = PBXBuildFile; fileRef = DBAC741215CCF5EE00016453 /* CCMenuItem.m */; };
		DBAC741615CCF5EE00016453 /* CCMotionStreak.m in Sources */ = {isa = PBXBuildFile; fileRef = DBAC741515CCF5EE00016453 /* CCMotionStreak.m */; };
		DBAC741915CCF5EE00016453 /* CCNode.m in Sources */ = {isa = PBXBuildFile; fileRef = DBAC741815CCF5EE00016453 /* CCNode.m */; };
		DBAC741C15CCF5EE00016453 /* CCParallaxNode.m in Sources */ = {isa = PBXBuildFile; fileRef = DBAC741B15CCF5EE00016453 /* CCParallaxNode.m */; };
		DBAC741F15CCF5EE00016453 /* CCParticleExamples.m in Sources */ = {isa = PBXBuildFile; fileRef = DBAC741E15CCF5EE00016453 /* CCParticleExamples.m */; };
		DBAC742215CCF5EE00016453 /* CCParticleSystem.m in Sources */ = {isa = PBXBuildFile; fileRef = DBAC742115CCF5EE00016453 /* CCParticleSystem.m */; };
		DBAC742515CCF5EE00016453 /* CCParticleSystemPoint.m in Sources */ = {isa = PBXBuildFile; fileRef = DBAC742415CCF5EE00016453 /* CCParticleSystemPoint.m */; };
		DBAC742815CCF5EE00016453 /* CCParticleSystemQuad.m in Sources */ = {isa = PBXBuildFile; fileRef = DBAC742715CCF5EE00016453 /* CCParticleSystemQuad.m */; };
		DBAC742B15CCF5EE00016453 /* CCProgressTimer.m in Sources */ = {isa = PBXBuildFile; fileRef = DBAC742A15CCF5EE00016453 /* CCProgressTimer.m */; };
		DBAC742F15CCF5EE00016453 /* CCRenderTexture.m in Sources */ = {isa = PBXBuildFile; fileRef = DBAC742E15CCF5EE00016453 /* CCRenderTexture.m */; };
		DBAC743215CCF5EE00016453 /* CCRibbon.m in Sources */ = {isa = PBXBuildFile; fileRef = DBAC743115CCF5EE00016453 /* CCRibbon.m */; };
		DBAC743515CCF5EE00016453 /* CCScene.m in Sources */ = {isa = PBXBuildFile; fileRef = DBAC743415CCF5EE00016453 /* CCScene.m */; };
		DBAC743815CCF5EE00016453 /* CCScheduler.m in Sources */ = {isa = PBXBuildFile; fileRef = DBAC743715CCF5EE00016453 /* CCScheduler.m */; };
		DBAC743B15CCF5EE00016453 /* CCSprite.m in Sources */ = {isa = PBXBuildFile; fileRef = DBAC743A15CCF5EE00016453 /* CCSprite.m */; };
		DBAC743E15CCF5EE00016453 /* CCSpriteBatchNode.m in Sources */ = {isa = PBXBuildFile; fileRef = DBAC743D15CCF5EE00016453 /* CCSpriteBatchNode.m */; };
		DBAC744115CCF5EE00016453 /* CCSpriteFrame.m in Sources */ = {isa = PBXBuildFile; fileRef = DBAC744015CCF5EE00016453 /* CCSpriteFrame.m */; };
		DBAC744415CCF5EE00016453 /* CCSpriteFrameCache.m in Sources */ = {isa = PBXBuildFile; fileRef = DBAC744315CCF5EE00016453 /* CCSpriteFrameCache.m */; };
		DBAC744715CCF5EE00016453 /* CCTexture2D.m in Sources */ = {isa = PBXBuildFile; fileRef = DBAC744615CCF5EE00016453 /* CCTexture2D.m */; };
		DBAC744A15CCF5EE00016453 /* CCTextureAtlas.m in Sources */ = {isa = PBXBuildFile; fileRef = DBAC744915CCF5EE00016453 /* CCTextureAtlas.m */; };
		DBAC744D15CCF5EE00016453 /* CCTextureCache.m in Sources */ = {isa = PBXBuildFile; fileRef = DBAC744C15CCF5EE00016453 /* CCTextureCache.m */; };
		DBAC745015CCF5EE00016453 /* CCTexturePVR.m in Sources */ = {isa = PBXBuildFile; fileRef = DBAC744F15CCF5EE00016453 /* CCTexturePVR.m */; };
		DBAC745315CCF5EE00016453 /* CCTileMapAtlas.m in Sources */ = {isa = PBXBuildFile; fileRef = DBAC745215CCF5EE00016453 /* CCTileMapAtlas.m */; };
		DBAC745615CCF5EE00016453 /* CCTMXLayer.m in Sources */ = {isa = PBXBuildFile; fileRef = DBAC745515CCF5EE00016453 /* CCTMXLayer.m */; };
		DBAC745915CCF5EE00016453 /* CCTMXObjectGroup.m in Sources */ = {isa = PBXBuildFile; fileRef = DBAC745815CCF5EE00016453 /* CCTMXObjectGroup.m */; };
		DBAC745C15CCF5EE00016453 /* CCTMXTiledMap.m in Sources */ = {isa = PBXBuildFile; fileRef = DBAC745B15CCF5EE00016453 /* CCTMXTiledMap.m */; };
		DBAC745F15CCF5EE00016453 /* CCTMXXMLParser.m in Sources */ = {isa = PBXBuildFile; fileRef = DBAC745E15CCF5EE00016453 /* CCTMXXMLParser.m */; };
		DBAC746215CCF5EE00016453 /* CCTransition.m in Sources */ = {isa = PBXBuildFile; fileRef = DBAC746115CCF5EE00016453 /* CCTransition.m */; };
		DBAC746515CCF5EE00016453 /* CCTransitionPageTurn.m in Sources */ = {isa = PBXBuildFile; fileRef = DBAC746415CCF5EE00016453 /* CCTransitionPageTurn.m */; };
		DBAC746815CCF5EE00016453 /* CCTransitionRadial.m in Sources */ = {isa = PBXBuildFile; fileRef = DBAC746715CCF5EE00016453 /* CCTransitionRadial.m */; };
		DBAC746C15CCF5EE00016453 /* cocos2d.m in Sources */ = {isa = PBXBuildFile; fileRef = DBAC746B15CCF5EE00016453 /* cocos2d.m */; };
		DBAC747315CCF5EE00016453 /* CCDirectorIOS.m in Sources */ = {isa = PBXBuildFile; fileRef = DBAC747215CCF5EE00016453 /* CCDirectorIOS.m */; };
		DBAC747715CCF5EF00016453 /* CCTouchDispatcher.m in Sources */ = {isa = PBXBuildFile; fileRef = DBAC747615CCF5EF00016453 /* CCTouchDispatcher.m */; };
		DBAC747A15CCF5EF00016453 /* CCTouchHandler.m in Sources */ = {isa = PBXBuildFile; fileRef = DBAC747915CCF5EF00016453 /* CCTouchHandler.m */; };
		DBAC747D15CCF5EF00016453 /* EAGLView.m in Sources */ = {isa = PBXBuildFile; fileRef = DBAC747C15CCF5EF00016453 /* EAGLView.m */; };
		DBAC748015CCF5EF00016453 /* ES1Renderer.m in Sources */ = {isa = PBXBuildFile; fileRef = DBAC747F15CCF5EF00016453 /* ES1Renderer.m */; };
		DBAC748315CCF5EF00016453 /* glu.c in Sources */ = {isa = PBXBuildFile; fileRef = DBAC748215CCF5EF00016453 /* glu.c */; };
		DBAC748815CCF5EF00016453 /* CCDirectorMac.m in Sources */ = {isa = PBXBuildFile; fileRef = DBAC748715CCF5EF00016453 /* CCDirectorMac.m */; };
		DBAC748B15CCF5EF00016453 /* CCEventDispatcher.m in Sources */ = {isa = PBXBuildFile; fileRef = DBAC748A15CCF5EF00016453 /* CCEventDispatcher.m */; };
		DBAC748E15CCF5EF00016453 /* MacGLView.m in Sources */ = {isa = PBXBuildFile; fileRef = DBAC748D15CCF5EF00016453 /* MacGLView.m */; };
		DBAC749115CCF5EF00016453 /* MacWindow.m in Sources */ = {isa = PBXBuildFile; fileRef = DBAC749015CCF5EF00016453 /* MacWindow.m */; };
		DBAC749415CCF5EF00016453 /* base64.c in Sources */ = {isa = PBXBuildFile; fileRef = DBAC749315CCF5EF00016453 /* base64.c */; };
		DBAC749815CCF5EF00016453 /* CCArray.m in Sources */ = {isa = PBXBuildFile; fileRef = DBAC749715CCF5EF00016453 /* CCArray.m */; };
		DBAC749C15CCF5EF00016453 /* CCFileUtils.m in Sources */ = {isa = PBXBuildFile; fileRef = DBAC749B15CCF5EF00016453 /* CCFileUtils.m */; };
		DBAC749F15CCF5EF00016453 /* CCProfiling.m in Sources */ = {isa = PBXBuildFile; fileRef = DBAC749E15CCF5EF00016453 /* CCProfiling.m */; };
		DBAC74A115CCF5EF00016453 /* ccUtils.c in Sources */ = {isa = PBXBuildFile; fileRef = DBAC74A015CCF5EF00016453 /* ccUtils.c */; };
		DBAC74A515CCF5EF00016453 /* CGPointExtension.m in Sources */ = {isa = PBXBuildFile; fileRef = DBAC74A415CCF5EF00016453 /* CGPointExtension.m */; };
		DBAC74A915CCF5EF00016453 /* TGAlib.m in Sources */ = {isa = PBXBuildFile; fileRef = DBAC74A815CCF5EF00016453 /* TGAlib.m */; };
		DBAC74AC15CCF5EF00016453 /* TransformUtils.m in Sources */ = {isa = PBXBuildFile; fileRef = DBAC74AB15CCF5EF00016453 /* TransformUtils.m */; };
		DBAC74B115CCF5EF00016453 /* ZipUtils.m in Sources */ = {isa = PBXBuildFile; fileRef = DBAC74B015CCF5EF00016453 /* ZipUtils.m */; };
		DBAC74B615CCF5EF00016453 /* CDAudioManager.m in Sources */ = {isa = PBXBuildFile; fileRef = DBAC74B515CCF5EF00016453 /* CDAudioManager.m */; };
		DBAC74BA15CCF5EF00016453 /* CDOpenALSupport.m in Sources */ = {isa = PBXBuildFile; fileRef = DBAC74B915CCF5EF00016453 /* CDOpenALSupport.m */; };
		DBAC74BD15CCF5EF00016453 /* CocosDenshion.m in Sources */ = {isa = PBXBuildFile; fileRef = DBAC74BC15CCF5EF00016453 /* CocosDenshion.m */; };
		DBAC74C015CCF5EF00016453 /* SimpleAudioEngine.m in Sources */ = {isa = PBXBuildFile; fileRef = DBAC74BF15CCF5EF00016453 /* SimpleAudioEngine.m */; };
		DBAC74C515CCF5EF00016453 /* CLScoreServerPost.m in Sources */ = {isa = PBXBuildFile; fileRef = DBAC74C415CCF5EF00016453 /* CLScoreServerPost.m */; };
		DBAC74C815CCF5EF00016453 /* CLScoreServerRequest.m in Sources */ = {isa = PBXBuildFile; fileRef = DBAC74C715CCF5EF00016453 /* CLScoreServerRequest.m */; };
		DBAC74CB15CCF5EF00016453 /* cocoslive.m in Sources */ = {isa = PBXBuildFile; fileRef = DBAC74CA15CCF5EF00016453 /* cocoslive.m */; };
		DBAC74D015CCF5EF00016453 /* CDataScanner.m in Sources */ = {isa = PBXBuildFile; fileRef = DBAC74CF15CCF5EF00016453 /* CDataScanner.m */; };
		DBAC74D415CCF5EF00016453 /* CDataScanner_Extensions.m in Sources */ = {isa = PBXBuildFile; fileRef = DBAC74D315CCF5EF00016453 /* CDataScanner_Extensions.m */; };
		DBAC74D715CCF5EF00016453 /* NSDictionary_JSONExtensions.m in Sources */ = {isa = PBXBuildFile; fileRef = DBAC74D615CCF5EF00016453 /* NSDictionary_JSONExtensions.m */; };
		DBAC74DB15CCF5EF00016453 /* CJSONDeserializer.m in Sources */ = {isa = PBXBuildFile; fileRef = DBAC74DA15CCF5EF00016453 /* CJSONDeserializer.m */; };
		DBAC74DE15CCF5EF00016453 /* CJSONScanner.m in Sources */ = {isa = PBXBuildFile; fileRef = DBAC74DD15CCF5EF00016453 /* CJSONScanner.m */; };
		DBAC74E115CCF5EF00016453 /* CJSONSerializer.m in Sources */ = {isa = PBXBuildFile; fileRef = DBAC74E015CCF5EF00016453 /* CJSONSerializer.m */; };
		DBAC74E615CCF5EF00016453 /* FontLabel.m in Sources */ = {isa = PBXBuildFile; fileRef = DBAC74E515CCF5EF00016453 /* FontLabel.m */; };
		DBAC74E915CCF5EF00016453 /* FontLabelStringDrawing.m in Sources */ = {isa = PBXBuildFile; fileRef = DBAC74E815CCF5EF00016453 /* FontLabelStringDrawing.m */; };
		DBAC74EC15CCF5EF00016453 /* FontManager.m in Sources */ = {isa = PBXBuildFile; fileRef = DBAC74EB15CCF5EF00016453 /* FontManager.m */; };
		DBAC74EF15CCF5EF00016453 /* ZAttributedString.m in Sources */ = {isa = PBXBuildFile; fileRef = DBAC74EE15CCF5EF00016453 /* ZAttributedString.m */; };
		DBAC74F315CCF5EF00016453 /* ZFont.m in Sources */ = {isa = PBXBuildFile; fileRef = DBAC74F215CCF5EF00016453 /* ZFont.m */; };
		DBAC74F815CCF5EF00016453 /* main.m in Sources */ = {isa = PBXBuildFile; fileRef = DBAC74F715CCF5EF00016453 /* main.m */; };
		DBAC74FB15CCF5EF00016453 /* AppDelegate.m in Sources */ = {isa = PBXBuildFile; fileRef = DBAC74FA15CCF5EF00016453 /* AppDelegate.m */; };
		DBAC74FE15CCF5EF00016453 /* RootViewController.m in Sources */ = {isa = PBXBuildFile; fileRef = DBAC74FD15CCF5EF00016453 /* RootViewController.m */; };
		DBAC750115CCF5EF00016453 /* EggTimerLayer.m in Sources */ = {isa = PBXBuildFile; fileRef = DBAC750015CCF5EF00016453 /* EggTimerLayer.m */; };
		DBAC750F15CCFA4900016453 /* bg-o.png in Resources */ = {isa = PBXBuildFile; fileRef = DBAC750E15CCFA4900016453 /* bg-o.png */; };
		DBB68A4015F10F85007E3129 /* CCShake.m in Sources */ = {isa = PBXBuildFile; fileRef = DBB68A3F15F10F85007E3129 /* CCShake.m */; };
/* End PBXBuildFile section */

/* Begin PBXFileReference section */
		DB47F9C115F3773A0009E9AA /* CLKTICK3.wav */ = {isa = PBXFileReference; lastKnownFileType = audio.wav; path = CLKTICK3.wav; sourceTree = "<group>"; };
		DB47F9CC15F37BB00009E9AA /* clock.wav */ = {isa = PBXFileReference; lastKnownFileType = audio.wav; path = clock.wav; sourceTree = "<group>"; };
		DB47F9CE15F37E710009E9AA /* clock1.mp3 */ = {isa = PBXFileReference; lastKnownFileType = audio.mp3; path = clock1.mp3; sourceTree = "<group>"; };
		DB47F9D015F380990009E9AA /* cuckoo4.wav */ = {isa = PBXFileReference; lastKnownFileType = audio.wav; path = cuckoo4.wav; sourceTree = "<group>"; };
		DB47F9D215F382320009E9AA /* clock2.mp3 */ = {isa = PBXFileReference; lastKnownFileType = audio.mp3; path = clock2.mp3; sourceTree = "<group>"; };
		DB52674515CCFDA300F6233E /* egg.png */ = {isa = PBXFileReference; lastKnownFileType = image.png; path = egg.png; sourceTree = "<group>"; };
		DB55414015FC4A86003DCC6C /* Default.png */ = {isa = PBXFileReference; lastKnownFileType = image.png; path = Default.png; sourceTree = "<group>"; };
		DB55414115FC4A86003DCC6C /* Default@2x.png */ = {isa = PBXFileReference; lastKnownFileType = image.png; path = "Default@2x.png"; sourceTree = "<group>"; };
		DB6AB96E15FC49CF001884A6 /* Icon-72.png */ = {isa = PBXFileReference; lastKnownFileType = image.png; path = "Icon-72.png"; sourceTree = "<group>"; };
		DB6AB96F15FC49CF001884A6 /* Icon-Small-50.png */ = {isa = PBXFileReference; lastKnownFileType = image.png; path = "Icon-Small-50.png"; sourceTree = "<group>"; };
		DB6AB97015FC49CF001884A6 /* Icon-Small.png */ = {isa = PBXFileReference; lastKnownFileType = image.png; path = "Icon-Small.png"; sourceTree = "<group>"; };
		DB6AB97115FC49CF001884A6 /* Icon-Small@2x.png */ = {isa = PBXFileReference; lastKnownFileType = image.png; path = "Icon-Small@2x.png"; sourceTree = "<group>"; };
		DB6AB97215FC49CF001884A6 /* Icon.png */ = {isa = PBXFileReference; lastKnownFileType = image.png; path = Icon.png; sourceTree = "<group>"; };
		DB6AB97315FC49CF001884A6 /* Icon@2x.png */ = {isa = PBXFileReference; lastKnownFileType = image.png; path = "Icon@2x.png"; sourceTree = "<group>"; };
		DB6AB97415FC49CF001884A6 /* iTunesArtwork.png */ = {isa = PBXFileReference; lastKnownFileType = image.png; path = iTunesArtwork.png; sourceTree = "<group>"; };
		DB6ADFB2160628770032A4F9 /* egg2.png */ = {isa = PBXFileReference; lastKnownFileType = image.png; path = egg2.png; sourceTree = "<group>"; };
		DB6ADFB4160629F90032A4F9 /* leftright-d.png */ = {isa = PBXFileReference; lastKnownFileType = image.png; path = "leftright-d.png"; sourceTree = "<group>"; };
		DB6ADFB8160630A60032A4F9 /* updown-d.png */ = {isa = PBXFileReference; lastKnownFileType = image.png; path = "updown-d.png"; sourceTree = "<group>"; };
		DB6ADFBA160632730032A4F9 /* updownd.png */ = {isa = PBXFileReference; lastKnownFileType = image.png; path = updownd.png; sourceTree = "<group>"; };
		DB6F517D15F39EB000D19428 /* turn.mp3 */ = {isa = PBXFileReference; lastKnownFileType = audio.mp3; path = turn.mp3; sourceTree = "<group>"; };
		DBA22BEA160EBAA700A94FC7 /* egg2-red.png */ = {isa = PBXFileReference; lastKnownFileType = image.png; path = "egg2-red.png"; sourceTree = "<group>"; };
		DBA22BEC160EBCFE00A94FC7 /* bg.png */ = {isa = PBXFileReference; lastKnownFileType = image.png; path = bg.png; sourceTree = "<group>"; };
		DBAC739315CCF5ED00016453 /* eggtimer.app */ = {isa = PBXFileReference; explicitFileType = wrapper.application; includeInIndex = 0; path = eggtimer.app; sourceTree = BUILT_PRODUCTS_DIR; };
		DBAC739715CCF5ED00016453 /* QuartzCore.framework */ = {isa = PBXFileReference; lastKnownFileType = wrapper.framework; name = QuartzCore.framework; path = System/Library/Frameworks/QuartzCore.framework; sourceTree = SDKROOT; };
		DBAC739915CCF5ED00016453 /* OpenGLES.framework */ = {isa = PBXFileReference; lastKnownFileType = wrapper.framework; name = OpenGLES.framework; path = System/Library/Frameworks/OpenGLES.framework; sourceTree = SDKROOT; };
		DBAC739B15CCF5ED00016453 /* OpenAL.framework */ = {isa = PBXFileReference; lastKnownFileType = wrapper.framework; name = OpenAL.framework; path = System/Library/Frameworks/OpenAL.framework; sourceTree = SDKROOT; };
		DBAC739D15CCF5ED00016453 /* AudioToolbox.framework */ = {isa = PBXFileReference; lastKnownFileType = wrapper.framework; name = AudioToolbox.framework; path = System/Library/Frameworks/AudioToolbox.framework; sourceTree = SDKROOT; };
		DBAC739F15CCF5ED00016453 /* AVFoundation.framework */ = {isa = PBXFileReference; lastKnownFileType = wrapper.framework; name = AVFoundation.framework; path = System/Library/Frameworks/AVFoundation.framework; sourceTree = SDKROOT; };
		DBAC73A115CCF5ED00016453 /* UIKit.framework */ = {isa = PBXFileReference; lastKnownFileType = wrapper.framework; name = UIKit.framework; path = System/Library/Frameworks/UIKit.framework; sourceTree = SDKROOT; };
		DBAC73A315CCF5ED00016453 /* Foundation.framework */ = {isa = PBXFileReference; lastKnownFileType = wrapper.framework; name = Foundation.framework; path = System/Library/Frameworks/Foundation.framework; sourceTree = SDKROOT; };
		DBAC73A515CCF5ED00016453 /* CoreGraphics.framework */ = {isa = PBXFileReference; lastKnownFileType = wrapper.framework; name = CoreGraphics.framework; path = System/Library/Frameworks/CoreGraphics.framework; sourceTree = SDKROOT; };
		DBAC73AB15CCF5ED00016453 /* fps_images.png */ = {isa = PBXFileReference; lastKnownFileType = image.png; name = fps_images.png; path = Resources/fps_images.png; sourceTree = "<group>"; };
		DBAC73B915CCF5ED00016453 /* Info.plist */ = {isa = PBXFileReference; lastKnownFileType = text.plist.xml; name = Info.plist; path = Resources/Info.plist; sourceTree = "<group>"; };
		DBAC73BE15CCF5ED00016453 /* CCAction.h */ = {isa = PBXFileReference; lastKnownFileType = sourcecode.c.h; name = CCAction.h; path = libs/cocos2d/CCAction.h; sourceTree = "<group>"; };
		DBAC73BF15CCF5ED00016453 /* CCAction.m */ = {isa = PBXFileReference; lastKnownFileType = sourcecode.c.objc; name = CCAction.m; path = libs/cocos2d/CCAction.m; sourceTree = "<group>"; };
		DBAC73C115CCF5ED00016453 /* CCActionCamera.h */ = {isa = PBXFileReference; lastKnownFileType = sourcecode.c.h; name = CCActionCamera.h; path = libs/cocos2d/CCActionCamera.h; sourceTree = "<group>"; };
		DBAC73C215CCF5ED00016453 /* CCActionCamera.m */ = {isa = PBXFileReference; lastKnownFileType = sourcecode.c.objc; name = CCActionCamera.m; path = libs/cocos2d/CCActionCamera.m; sourceTree = "<group>"; };
		DBAC73C415CCF5ED00016453 /* CCActionEase.h */ = {isa = PBXFileReference; lastKnownFileType = sourcecode.c.h; name = CCActionEase.h; path = libs/cocos2d/CCActionEase.h; sourceTree = "<group>"; };
		DBAC73C515CCF5ED00016453 /* CCActionEase.m */ = {isa = PBXFileReference; lastKnownFileType = sourcecode.c.objc; name = CCActionEase.m; path = libs/cocos2d/CCActionEase.m; sourceTree = "<group>"; };
		DBAC73C715CCF5ED00016453 /* CCActionGrid.h */ = {isa = PBXFileReference; lastKnownFileType = sourcecode.c.h; name = CCActionGrid.h; path = libs/cocos2d/CCActionGrid.h; sourceTree = "<group>"; };
		DBAC73C815CCF5ED00016453 /* CCActionGrid.m */ = {isa = PBXFileReference; lastKnownFileType = sourcecode.c.objc; name = CCActionGrid.m; path = libs/cocos2d/CCActionGrid.m; sourceTree = "<group>"; };
		DBAC73CA15CCF5ED00016453 /* CCActionGrid3D.h */ = {isa = PBXFileReference; lastKnownFileType = sourcecode.c.h; name = CCActionGrid3D.h; path = libs/cocos2d/CCActionGrid3D.h; sourceTree = "<group>"; };
		DBAC73CB15CCF5ED00016453 /* CCActionGrid3D.m */ = {isa = PBXFileReference; lastKnownFileType = sourcecode.c.objc; name = CCActionGrid3D.m; path = libs/cocos2d/CCActionGrid3D.m; sourceTree = "<group>"; };
		DBAC73CD15CCF5ED00016453 /* CCActionInstant.h */ = {isa = PBXFileReference; lastKnownFileType = sourcecode.c.h; name = CCActionInstant.h; path = libs/cocos2d/CCActionInstant.h; sourceTree = "<group>"; };
		DBAC73CE15CCF5ED00016453 /* CCActionInstant.m */ = {isa = PBXFileReference; lastKnownFileType = sourcecode.c.objc; name = CCActionInstant.m; path = libs/cocos2d/CCActionInstant.m; sourceTree = "<group>"; };
		DBAC73D015CCF5ED00016453 /* CCActionInterval.h */ = {isa = PBXFileReference; lastKnownFileType = sourcecode.c.h; name = CCActionInterval.h; path = libs/cocos2d/CCActionInterval.h; sourceTree = "<group>"; };
		DBAC73D115CCF5ED00016453 /* CCActionInterval.m */ = {isa = PBXFileReference; lastKnownFileType = sourcecode.c.objc; name = CCActionInterval.m; path = libs/cocos2d/CCActionInterval.m; sourceTree = "<group>"; };
		DBAC73D315CCF5ED00016453 /* CCActionManager.h */ = {isa = PBXFileReference; lastKnownFileType = sourcecode.c.h; name = CCActionManager.h; path = libs/cocos2d/CCActionManager.h; sourceTree = "<group>"; };
		DBAC73D415CCF5ED00016453 /* CCActionManager.m */ = {isa = PBXFileReference; lastKnownFileType = sourcecode.c.objc; name = CCActionManager.m; path = libs/cocos2d/CCActionManager.m; sourceTree = "<group>"; };
		DBAC73D615CCF5ED00016453 /* CCActionPageTurn3D.h */ = {isa = PBXFileReference; lastKnownFileType = sourcecode.c.h; name = CCActionPageTurn3D.h; path = libs/cocos2d/CCActionPageTurn3D.h; sourceTree = "<group>"; };
		DBAC73D715CCF5ED00016453 /* CCActionPageTurn3D.m */ = {isa = PBXFileReference; lastKnownFileType = sourcecode.c.objc; name = CCActionPageTurn3D.m; path = libs/cocos2d/CCActionPageTurn3D.m; sourceTree = "<group>"; };
		DBAC73D915CCF5ED00016453 /* CCActionProgressTimer.h */ = {isa = PBXFileReference; lastKnownFileType = sourcecode.c.h; name = CCActionProgressTimer.h; path = libs/cocos2d/CCActionProgressTimer.h; sourceTree = "<group>"; };
		DBAC73DA15CCF5ED00016453 /* CCActionProgressTimer.m */ = {isa = PBXFileReference; lastKnownFileType = sourcecode.c.objc; name = CCActionProgressTimer.m; path = libs/cocos2d/CCActionProgressTimer.m; sourceTree = "<group>"; };
		DBAC73DC15CCF5ED00016453 /* CCActionTiledGrid.h */ = {isa = PBXFileReference; lastKnownFileType = sourcecode.c.h; name = CCActionTiledGrid.h; path = libs/cocos2d/CCActionTiledGrid.h; sourceTree = "<group>"; };
		DBAC73DD15CCF5ED00016453 /* CCActionTiledGrid.m */ = {isa = PBXFileReference; lastKnownFileType = sourcecode.c.objc; name = CCActionTiledGrid.m; path = libs/cocos2d/CCActionTiledGrid.m; sourceTree = "<group>"; };
		DBAC73DF15CCF5ED00016453 /* CCActionTween.h */ = {isa = PBXFileReference; lastKnownFileType = sourcecode.c.h; name = CCActionTween.h; path = libs/cocos2d/CCActionTween.h; sourceTree = "<group>"; };
		DBAC73E015CCF5ED00016453 /* CCActionTween.m */ = {isa = PBXFileReference; lastKnownFileType = sourcecode.c.objc; name = CCActionTween.m; path = libs/cocos2d/CCActionTween.m; sourceTree = "<group>"; };
		DBAC73E215CCF5ED00016453 /* CCAnimation.h */ = {isa = PBXFileReference; lastKnownFileType = sourcecode.c.h; name = CCAnimation.h; path = libs/cocos2d/CCAnimation.h; sourceTree = "<group>"; };
		DBAC73E315CCF5ED00016453 /* CCAnimation.m */ = {isa = PBXFileReference; lastKnownFileType = sourcecode.c.objc; name = CCAnimation.m; path = libs/cocos2d/CCAnimation.m; sourceTree = "<group>"; };
		DBAC73E515CCF5ED00016453 /* CCAnimationCache.h */ = {isa = PBXFileReference; lastKnownFileType = sourcecode.c.h; name = CCAnimationCache.h; path = libs/cocos2d/CCAnimationCache.h; sourceTree = "<group>"; };
		DBAC73E615CCF5ED00016453 /* CCAnimationCache.m */ = {isa = PBXFileReference; lastKnownFileType = sourcecode.c.objc; name = CCAnimationCache.m; path = libs/cocos2d/CCAnimationCache.m; sourceTree = "<group>"; };
		DBAC73E815CCF5ED00016453 /* CCAtlasNode.h */ = {isa = PBXFileReference; lastKnownFileType = sourcecode.c.h; name = CCAtlasNode.h; path = libs/cocos2d/CCAtlasNode.h; sourceTree = "<group>"; };
		DBAC73E915CCF5ED00016453 /* CCAtlasNode.m */ = {isa = PBXFileReference; lastKnownFileType = sourcecode.c.objc; name = CCAtlasNode.m; path = libs/cocos2d/CCAtlasNode.m; sourceTree = "<group>"; };
		DBAC73EB15CCF5ED00016453 /* CCBlockSupport.h */ = {isa = PBXFileReference; lastKnownFileType = sourcecode.c.h; name = CCBlockSupport.h; path = libs/cocos2d/CCBlockSupport.h; sourceTree = "<group>"; };
		DBAC73EC15CCF5ED00016453 /* CCBlockSupport.m */ = {isa = PBXFileReference; lastKnownFileType = sourcecode.c.objc; name = CCBlockSupport.m; path = libs/cocos2d/CCBlockSupport.m; sourceTree = "<group>"; };
		DBAC73EE15CCF5ED00016453 /* CCCamera.h */ = {isa = PBXFileReference; lastKnownFileType = sourcecode.c.h; name = CCCamera.h; path = libs/cocos2d/CCCamera.h; sourceTree = "<group>"; };
		DBAC73EF15CCF5ED00016453 /* CCCamera.m */ = {isa = PBXFileReference; lastKnownFileType = sourcecode.c.objc; name = CCCamera.m; path = libs/cocos2d/CCCamera.m; sourceTree = "<group>"; };
		DBAC73F115CCF5ED00016453 /* ccConfig.h */ = {isa = PBXFileReference; lastKnownFileType = sourcecode.c.h; name = ccConfig.h; path = libs/cocos2d/ccConfig.h; sourceTree = "<group>"; };
		DBAC73F215CCF5ED00016453 /* CCConfiguration.h */ = {isa = PBXFileReference; lastKnownFileType = sourcecode.c.h; name = CCConfiguration.h; path = libs/cocos2d/CCConfiguration.h; sourceTree = "<group>"; };
		DBAC73F315CCF5ED00016453 /* CCConfiguration.m */ = {isa = PBXFileReference; lastKnownFileType = sourcecode.c.objc; name = CCConfiguration.m; path = libs/cocos2d/CCConfiguration.m; sourceTree = "<group>"; };
		DBAC73F515CCF5ED00016453 /* CCDirector.h */ = {isa = PBXFileReference; lastKnownFileType = sourcecode.c.h; name = CCDirector.h; path = libs/cocos2d/CCDirector.h; sourceTree = "<group>"; };
		DBAC73F615CCF5ED00016453 /* CCDirector.m */ = {isa = PBXFileReference; lastKnownFileType = sourcecode.c.objc; name = CCDirector.m; path = libs/cocos2d/CCDirector.m; sourceTree = "<group>"; };
		DBAC73F815CCF5ED00016453 /* CCDrawingPrimitives.h */ = {isa = PBXFileReference; lastKnownFileType = sourcecode.c.h; name = CCDrawingPrimitives.h; path = libs/cocos2d/CCDrawingPrimitives.h; sourceTree = "<group>"; };
		DBAC73F915CCF5ED00016453 /* CCDrawingPrimitives.m */ = {isa = PBXFileReference; lastKnownFileType = sourcecode.c.objc; name = CCDrawingPrimitives.m; path = libs/cocos2d/CCDrawingPrimitives.m; sourceTree = "<group>"; };
		DBAC73FB15CCF5ED00016453 /* CCGrabber.h */ = {isa = PBXFileReference; lastKnownFileType = sourcecode.c.h; name = CCGrabber.h; path = libs/cocos2d/CCGrabber.h; sourceTree = "<group>"; };
		DBAC73FC15CCF5EE00016453 /* CCGrabber.m */ = {isa = PBXFileReference; lastKnownFileType = sourcecode.c.objc; name = CCGrabber.m; path = libs/cocos2d/CCGrabber.m; sourceTree = "<group>"; };
		DBAC73FE15CCF5EE00016453 /* CCGrid.h */ = {isa = PBXFileReference; lastKnownFileType = sourcecode.c.h; name = CCGrid.h; path = libs/cocos2d/CCGrid.h; sourceTree = "<group>"; };
		DBAC73FF15CCF5EE00016453 /* CCGrid.m */ = {isa = PBXFileReference; lastKnownFileType = sourcecode.c.objc; name = CCGrid.m; path = libs/cocos2d/CCGrid.m; sourceTree = "<group>"; };
		DBAC740115CCF5EE00016453 /* CCLabelAtlas.h */ = {isa = PBXFileReference; lastKnownFileType = sourcecode.c.h; name = CCLabelAtlas.h; path = libs/cocos2d/CCLabelAtlas.h; sourceTree = "<group>"; };
		DBAC740215CCF5EE00016453 /* CCLabelAtlas.m */ = {isa = PBXFileReference; lastKnownFileType = sourcecode.c.objc; name = CCLabelAtlas.m; path = libs/cocos2d/CCLabelAtlas.m; sourceTree = "<group>"; };
		DBAC740415CCF5EE00016453 /* CCLabelBMFont.h */ = {isa = PBXFileReference; lastKnownFileType = sourcecode.c.h; name = CCLabelBMFont.h; path = libs/cocos2d/CCLabelBMFont.h; sourceTree = "<group>"; };
		DBAC740515CCF5EE00016453 /* CCLabelBMFont.m */ = {isa = PBXFileReference; lastKnownFileType = sourcecode.c.objc; name = CCLabelBMFont.m; path = libs/cocos2d/CCLabelBMFont.m; sourceTree = "<group>"; };
		DBAC740715CCF5EE00016453 /* CCLabelTTF.h */ = {isa = PBXFileReference; lastKnownFileType = sourcecode.c.h; name = CCLabelTTF.h; path = libs/cocos2d/CCLabelTTF.h; sourceTree = "<group>"; };
		DBAC740815CCF5EE00016453 /* CCLabelTTF.m */ = {isa = PBXFileReference; lastKnownFileType = sourcecode.c.objc; name = CCLabelTTF.m; path = libs/cocos2d/CCLabelTTF.m; sourceTree = "<group>"; };
		DBAC740A15CCF5EE00016453 /* CCLayer.h */ = {isa = PBXFileReference; lastKnownFileType = sourcecode.c.h; name = CCLayer.h; path = libs/cocos2d/CCLayer.h; sourceTree = "<group>"; };
		DBAC740B15CCF5EE00016453 /* CCLayer.m */ = {isa = PBXFileReference; lastKnownFileType = sourcecode.c.objc; name = CCLayer.m; path = libs/cocos2d/CCLayer.m; sourceTree = "<group>"; };
		DBAC740D15CCF5EE00016453 /* ccMacros.h */ = {isa = PBXFileReference; lastKnownFileType = sourcecode.c.h; name = ccMacros.h; path = libs/cocos2d/ccMacros.h; sourceTree = "<group>"; };
		DBAC740E15CCF5EE00016453 /* CCMenu.h */ = {isa = PBXFileReference; lastKnownFileType = sourcecode.c.h; name = CCMenu.h; path = libs/cocos2d/CCMenu.h; sourceTree = "<group>"; };
		DBAC740F15CCF5EE00016453 /* CCMenu.m */ = {isa = PBXFileReference; lastKnownFileType = sourcecode.c.objc; name = CCMenu.m; path = libs/cocos2d/CCMenu.m; sourceTree = "<group>"; };
		DBAC741115CCF5EE00016453 /* CCMenuItem.h */ = {isa = PBXFileReference; lastKnownFileType = sourcecode.c.h; name = CCMenuItem.h; path = libs/cocos2d/CCMenuItem.h; sourceTree = "<group>"; };
		DBAC741215CCF5EE00016453 /* CCMenuItem.m */ = {isa = PBXFileReference; lastKnownFileType = sourcecode.c.objc; name = CCMenuItem.m; path = libs/cocos2d/CCMenuItem.m; sourceTree = "<group>"; };
		DBAC741415CCF5EE00016453 /* CCMotionStreak.h */ = {isa = PBXFileReference; lastKnownFileType = sourcecode.c.h; name = CCMotionStreak.h; path = libs/cocos2d/CCMotionStreak.h; sourceTree = "<group>"; };
		DBAC741515CCF5EE00016453 /* CCMotionStreak.m */ = {isa = PBXFileReference; lastKnownFileType = sourcecode.c.objc; name = CCMotionStreak.m; path = libs/cocos2d/CCMotionStreak.m; sourceTree = "<group>"; };
		DBAC741715CCF5EE00016453 /* CCNode.h */ = {isa = PBXFileReference; lastKnownFileType = sourcecode.c.h; name = CCNode.h; path = libs/cocos2d/CCNode.h; sourceTree = "<group>"; };
		DBAC741815CCF5EE00016453 /* CCNode.m */ = {isa = PBXFileReference; lastKnownFileType = sourcecode.c.objc; name = CCNode.m; path = libs/cocos2d/CCNode.m; sourceTree = "<group>"; };
		DBAC741A15CCF5EE00016453 /* CCParallaxNode.h */ = {isa = PBXFileReference; lastKnownFileType = sourcecode.c.h; name = CCParallaxNode.h; path = libs/cocos2d/CCParallaxNode.h; sourceTree = "<group>"; };
		DBAC741B15CCF5EE00016453 /* CCParallaxNode.m */ = {isa = PBXFileReference; lastKnownFileType = sourcecode.c.objc; name = CCParallaxNode.m; path = libs/cocos2d/CCParallaxNode.m; sourceTree = "<group>"; };
		DBAC741D15CCF5EE00016453 /* CCParticleExamples.h */ = {isa = PBXFileReference; lastKnownFileType = sourcecode.c.h; name = CCParticleExamples.h; path = libs/cocos2d/CCParticleExamples.h; sourceTree = "<group>"; };
		DBAC741E15CCF5EE00016453 /* CCParticleExamples.m */ = {isa = PBXFileReference; lastKnownFileType = sourcecode.c.objc; name = CCParticleExamples.m; path = libs/cocos2d/CCParticleExamples.m; sourceTree = "<group>"; };
		DBAC742015CCF5EE00016453 /* CCParticleSystem.h */ = {isa = PBXFileReference; lastKnownFileType = sourcecode.c.h; name = CCParticleSystem.h; path = libs/cocos2d/CCParticleSystem.h; sourceTree = "<group>"; };
		DBAC742115CCF5EE00016453 /* CCParticleSystem.m */ = {isa = PBXFileReference; lastKnownFileType = sourcecode.c.objc; name = CCParticleSystem.m; path = libs/cocos2d/CCParticleSystem.m; sourceTree = "<group>"; };
		DBAC742315CCF5EE00016453 /* CCParticleSystemPoint.h */ = {isa = PBXFileReference; lastKnownFileType = sourcecode.c.h; name = CCParticleSystemPoint.h; path = libs/cocos2d/CCParticleSystemPoint.h; sourceTree = "<group>"; };
		DBAC742415CCF5EE00016453 /* CCParticleSystemPoint.m */ = {isa = PBXFileReference; lastKnownFileType = sourcecode.c.objc; name = CCParticleSystemPoint.m; path = libs/cocos2d/CCParticleSystemPoint.m; sourceTree = "<group>"; };
		DBAC742615CCF5EE00016453 /* CCParticleSystemQuad.h */ = {isa = PBXFileReference; lastKnownFileType = sourcecode.c.h; name = CCParticleSystemQuad.h; path = libs/cocos2d/CCParticleSystemQuad.h; sourceTree = "<group>"; };
		DBAC742715CCF5EE00016453 /* CCParticleSystemQuad.m */ = {isa = PBXFileReference; lastKnownFileType = sourcecode.c.objc; name = CCParticleSystemQuad.m; path = libs/cocos2d/CCParticleSystemQuad.m; sourceTree = "<group>"; };
		DBAC742915CCF5EE00016453 /* CCProgressTimer.h */ = {isa = PBXFileReference; lastKnownFileType = sourcecode.c.h; name = CCProgressTimer.h; path = libs/cocos2d/CCProgressTimer.h; sourceTree = "<group>"; };
		DBAC742A15CCF5EE00016453 /* CCProgressTimer.m */ = {isa = PBXFileReference; lastKnownFileType = sourcecode.c.objc; name = CCProgressTimer.m; path = libs/cocos2d/CCProgressTimer.m; sourceTree = "<group>"; };
		DBAC742C15CCF5EE00016453 /* CCProtocols.h */ = {isa = PBXFileReference; lastKnownFileType = sourcecode.c.h; name = CCProtocols.h; path = libs/cocos2d/CCProtocols.h; sourceTree = "<group>"; };
		DBAC742D15CCF5EE00016453 /* CCRenderTexture.h */ = {isa = PBXFileReference; lastKnownFileType = sourcecode.c.h; name = CCRenderTexture.h; path = libs/cocos2d/CCRenderTexture.h; sourceTree = "<group>"; };
		DBAC742E15CCF5EE00016453 /* CCRenderTexture.m */ = {isa = PBXFileReference; lastKnownFileType = sourcecode.c.objc; name = CCRenderTexture.m; path = libs/cocos2d/CCRenderTexture.m; sourceTree = "<group>"; };
		DBAC743015CCF5EE00016453 /* CCRibbon.h */ = {isa = PBXFileReference; lastKnownFileType = sourcecode.c.h; name = CCRibbon.h; path = libs/cocos2d/CCRibbon.h; sourceTree = "<group>"; };
		DBAC743115CCF5EE00016453 /* CCRibbon.m */ = {isa = PBXFileReference; lastKnownFileType = sourcecode.c.objc; name = CCRibbon.m; path = libs/cocos2d/CCRibbon.m; sourceTree = "<group>"; };
		DBAC743315CCF5EE00016453 /* CCScene.h */ = {isa = PBXFileReference; lastKnownFileType = sourcecode.c.h; name = CCScene.h; path = libs/cocos2d/CCScene.h; sourceTree = "<group>"; };
		DBAC743415CCF5EE00016453 /* CCScene.m */ = {isa = PBXFileReference; lastKnownFileType = sourcecode.c.objc; name = CCScene.m; path = libs/cocos2d/CCScene.m; sourceTree = "<group>"; };
		DBAC743615CCF5EE00016453 /* CCScheduler.h */ = {isa = PBXFileReference; lastKnownFileType = sourcecode.c.h; name = CCScheduler.h; path = libs/cocos2d/CCScheduler.h; sourceTree = "<group>"; };
		DBAC743715CCF5EE00016453 /* CCScheduler.m */ = {isa = PBXFileReference; lastKnownFileType = sourcecode.c.objc; name = CCScheduler.m; path = libs/cocos2d/CCScheduler.m; sourceTree = "<group>"; };
		DBAC743915CCF5EE00016453 /* CCSprite.h */ = {isa = PBXFileReference; lastKnownFileType = sourcecode.c.h; name = CCSprite.h; path = libs/cocos2d/CCSprite.h; sourceTree = "<group>"; };
		DBAC743A15CCF5EE00016453 /* CCSprite.m */ = {isa = PBXFileReference; lastKnownFileType = sourcecode.c.objc; name = CCSprite.m; path = libs/cocos2d/CCSprite.m; sourceTree = "<group>"; };
		DBAC743C15CCF5EE00016453 /* CCSpriteBatchNode.h */ = {isa = PBXFileReference; lastKnownFileType = sourcecode.c.h; name = CCSpriteBatchNode.h; path = libs/cocos2d/CCSpriteBatchNode.h; sourceTree = "<group>"; };
		DBAC743D15CCF5EE00016453 /* CCSpriteBatchNode.m */ = {isa = PBXFileReference; lastKnownFileType = sourcecode.c.objc; name = CCSpriteBatchNode.m; path = libs/cocos2d/CCSpriteBatchNode.m; sourceTree = "<group>"; };
		DBAC743F15CCF5EE00016453 /* CCSpriteFrame.h */ = {isa = PBXFileReference; lastKnownFileType = sourcecode.c.h; name = CCSpriteFrame.h; path = libs/cocos2d/CCSpriteFrame.h; sourceTree = "<group>"; };
		DBAC744015CCF5EE00016453 /* CCSpriteFrame.m */ = {isa = PBXFileReference; lastKnownFileType = sourcecode.c.objc; name = CCSpriteFrame.m; path = libs/cocos2d/CCSpriteFrame.m; sourceTree = "<group>"; };
		DBAC744215CCF5EE00016453 /* CCSpriteFrameCache.h */ = {isa = PBXFileReference; lastKnownFileType = sourcecode.c.h; name = CCSpriteFrameCache.h; path = libs/cocos2d/CCSpriteFrameCache.h; sourceTree = "<group>"; };
		DBAC744315CCF5EE00016453 /* CCSpriteFrameCache.m */ = {isa = PBXFileReference; lastKnownFileType = sourcecode.c.objc; name = CCSpriteFrameCache.m; path = libs/cocos2d/CCSpriteFrameCache.m; sourceTree = "<group>"; };
		DBAC744515CCF5EE00016453 /* CCTexture2D.h */ = {isa = PBXFileReference; lastKnownFileType = sourcecode.c.h; name = CCTexture2D.h; path = libs/cocos2d/CCTexture2D.h; sourceTree = "<group>"; };
		DBAC744615CCF5EE00016453 /* CCTexture2D.m */ = {isa = PBXFileReference; lastKnownFileType = sourcecode.c.objc; name = CCTexture2D.m; path = libs/cocos2d/CCTexture2D.m; sourceTree = "<group>"; };
		DBAC744815CCF5EE00016453 /* CCTextureAtlas.h */ = {isa = PBXFileReference; lastKnownFileType = sourcecode.c.h; name = CCTextureAtlas.h; path = libs/cocos2d/CCTextureAtlas.h; sourceTree = "<group>"; };
		DBAC744915CCF5EE00016453 /* CCTextureAtlas.m */ = {isa = PBXFileReference; lastKnownFileType = sourcecode.c.objc; name = CCTextureAtlas.m; path = libs/cocos2d/CCTextureAtlas.m; sourceTree = "<group>"; };
		DBAC744B15CCF5EE00016453 /* CCTextureCache.h */ = {isa = PBXFileReference; lastKnownFileType = sourcecode.c.h; name = CCTextureCache.h; path = libs/cocos2d/CCTextureCache.h; sourceTree = "<group>"; };
		DBAC744C15CCF5EE00016453 /* CCTextureCache.m */ = {isa = PBXFileReference; lastKnownFileType = sourcecode.c.objc; name = CCTextureCache.m; path = libs/cocos2d/CCTextureCache.m; sourceTree = "<group>"; };
		DBAC744E15CCF5EE00016453 /* CCTexturePVR.h */ = {isa = PBXFileReference; lastKnownFileType = sourcecode.c.h; name = CCTexturePVR.h; path = libs/cocos2d/CCTexturePVR.h; sourceTree = "<group>"; };
		DBAC744F15CCF5EE00016453 /* CCTexturePVR.m */ = {isa = PBXFileReference; lastKnownFileType = sourcecode.c.objc; name = CCTexturePVR.m; path = libs/cocos2d/CCTexturePVR.m; sourceTree = "<group>"; };
		DBAC745115CCF5EE00016453 /* CCTileMapAtlas.h */ = {isa = PBXFileReference; lastKnownFileType = sourcecode.c.h; name = CCTileMapAtlas.h; path = libs/cocos2d/CCTileMapAtlas.h; sourceTree = "<group>"; };
		DBAC745215CCF5EE00016453 /* CCTileMapAtlas.m */ = {isa = PBXFileReference; lastKnownFileType = sourcecode.c.objc; name = CCTileMapAtlas.m; path = libs/cocos2d/CCTileMapAtlas.m; sourceTree = "<group>"; };
		DBAC745415CCF5EE00016453 /* CCTMXLayer.h */ = {isa = PBXFileReference; lastKnownFileType = sourcecode.c.h; name = CCTMXLayer.h; path = libs/cocos2d/CCTMXLayer.h; sourceTree = "<group>"; };
		DBAC745515CCF5EE00016453 /* CCTMXLayer.m */ = {isa = PBXFileReference; lastKnownFileType = sourcecode.c.objc; name = CCTMXLayer.m; path = libs/cocos2d/CCTMXLayer.m; sourceTree = "<group>"; };
		DBAC745715CCF5EE00016453 /* CCTMXObjectGroup.h */ = {isa = PBXFileReference; lastKnownFileType = sourcecode.c.h; name = CCTMXObjectGroup.h; path = libs/cocos2d/CCTMXObjectGroup.h; sourceTree = "<group>"; };
		DBAC745815CCF5EE00016453 /* CCTMXObjectGroup.m */ = {isa = PBXFileReference; lastKnownFileType = sourcecode.c.objc; name = CCTMXObjectGroup.m; path = libs/cocos2d/CCTMXObjectGroup.m; sourceTree = "<group>"; };
		DBAC745A15CCF5EE00016453 /* CCTMXTiledMap.h */ = {isa = PBXFileReference; lastKnownFileType = sourcecode.c.h; name = CCTMXTiledMap.h; path = libs/cocos2d/CCTMXTiledMap.h; sourceTree = "<group>"; };
		DBAC745B15CCF5EE00016453 /* CCTMXTiledMap.m */ = {isa = PBXFileReference; lastKnownFileType = sourcecode.c.objc; name = CCTMXTiledMap.m; path = libs/cocos2d/CCTMXTiledMap.m; sourceTree = "<group>"; };
		DBAC745D15CCF5EE00016453 /* CCTMXXMLParser.h */ = {isa = PBXFileReference; lastKnownFileType = sourcecode.c.h; name = CCTMXXMLParser.h; path = libs/cocos2d/CCTMXXMLParser.h; sourceTree = "<group>"; };
		DBAC745E15CCF5EE00016453 /* CCTMXXMLParser.m */ = {isa = PBXFileReference; lastKnownFileType = sourcecode.c.objc; name = CCTMXXMLParser.m; path = libs/cocos2d/CCTMXXMLParser.m; sourceTree = "<group>"; };
		DBAC746015CCF5EE00016453 /* CCTransition.h */ = {isa = PBXFileReference; lastKnownFileType = sourcecode.c.h; name = CCTransition.h; path = libs/cocos2d/CCTransition.h; sourceTree = "<group>"; };
		DBAC746115CCF5EE00016453 /* CCTransition.m */ = {isa = PBXFileReference; lastKnownFileType = sourcecode.c.objc; name = CCTransition.m; path = libs/cocos2d/CCTransition.m; sourceTree = "<group>"; };
		DBAC746315CCF5EE00016453 /* CCTransitionPageTurn.h */ = {isa = PBXFileReference; lastKnownFileType = sourcecode.c.h; name = CCTransitionPageTurn.h; path = libs/cocos2d/CCTransitionPageTurn.h; sourceTree = "<group>"; };
		DBAC746415CCF5EE00016453 /* CCTransitionPageTurn.m */ = {isa = PBXFileReference; lastKnownFileType = sourcecode.c.objc; name = CCTransitionPageTurn.m; path = libs/cocos2d/CCTransitionPageTurn.m; sourceTree = "<group>"; };
		DBAC746615CCF5EE00016453 /* CCTransitionRadial.h */ = {isa = PBXFileReference; lastKnownFileType = sourcecode.c.h; name = CCTransitionRadial.h; path = libs/cocos2d/CCTransitionRadial.h; sourceTree = "<group>"; };
		DBAC746715CCF5EE00016453 /* CCTransitionRadial.m */ = {isa = PBXFileReference; lastKnownFileType = sourcecode.c.objc; name = CCTransitionRadial.m; path = libs/cocos2d/CCTransitionRadial.m; sourceTree = "<group>"; };
		DBAC746915CCF5EE00016453 /* ccTypes.h */ = {isa = PBXFileReference; lastKnownFileType = sourcecode.c.h; name = ccTypes.h; path = libs/cocos2d/ccTypes.h; sourceTree = "<group>"; };
		DBAC746A15CCF5EE00016453 /* cocos2d.h */ = {isa = PBXFileReference; lastKnownFileType = sourcecode.c.h; name = cocos2d.h; path = libs/cocos2d/cocos2d.h; sourceTree = "<group>"; };
		DBAC746B15CCF5EE00016453 /* cocos2d.m */ = {isa = PBXFileReference; lastKnownFileType = sourcecode.c.objc; name = cocos2d.m; path = libs/cocos2d/cocos2d.m; sourceTree = "<group>"; };
		DBAC746E15CCF5EE00016453 /* CCGL.h */ = {isa = PBXFileReference; lastKnownFileType = sourcecode.c.h; name = CCGL.h; path = libs/cocos2d/Platforms/CCGL.h; sourceTree = "<group>"; };
		DBAC746F15CCF5EE00016453 /* CCNS.h */ = {isa = PBXFileReference; lastKnownFileType = sourcecode.c.h; name = CCNS.h; path = libs/cocos2d/Platforms/CCNS.h; sourceTree = "<group>"; };
		DBAC747115CCF5EE00016453 /* CCDirectorIOS.h */ = {isa = PBXFileReference; lastKnownFileType = sourcecode.c.h; name = CCDirectorIOS.h; path = libs/cocos2d/Platforms/iOS/CCDirectorIOS.h; sourceTree = "<group>"; };
		DBAC747215CCF5EE00016453 /* CCDirectorIOS.m */ = {isa = PBXFileReference; lastKnownFileType = sourcecode.c.objc; name = CCDirectorIOS.m; path = libs/cocos2d/Platforms/iOS/CCDirectorIOS.m; sourceTree = "<group>"; };
		DBAC747415CCF5EF00016453 /* CCTouchDelegateProtocol.h */ = {isa = PBXFileReference; lastKnownFileType = sourcecode.c.h; name = CCTouchDelegateProtocol.h; path = libs/cocos2d/Platforms/iOS/CCTouchDelegateProtocol.h; sourceTree = "<group>"; };
		DBAC747515CCF5EF00016453 /* CCTouchDispatcher.h */ = {isa = PBXFileReference; lastKnownFileType = sourcecode.c.h; name = CCTouchDispatcher.h; path = libs/cocos2d/Platforms/iOS/CCTouchDispatcher.h; sourceTree = "<group>"; };
		DBAC747615CCF5EF00016453 /* CCTouchDispatcher.m */ = {isa = PBXFileReference; lastKnownFileType = sourcecode.c.objc; name = CCTouchDispatcher.m; path = libs/cocos2d/Platforms/iOS/CCTouchDispatcher.m; sourceTree = "<group>"; };
		DBAC747815CCF5EF00016453 /* CCTouchHandler.h */ = {isa = PBXFileReference; lastKnownFileType = sourcecode.c.h; name = CCTouchHandler.h; path = libs/cocos2d/Platforms/iOS/CCTouchHandler.h; sourceTree = "<group>"; };
		DBAC747915CCF5EF00016453 /* CCTouchHandler.m */ = {isa = PBXFileReference; lastKnownFileType = sourcecode.c.objc; name = CCTouchHandler.m; path = libs/cocos2d/Platforms/iOS/CCTouchHandler.m; sourceTree = "<group>"; };
		DBAC747B15CCF5EF00016453 /* EAGLView.h */ = {isa = PBXFileReference; lastKnownFileType = sourcecode.c.h; name = EAGLView.h; path = libs/cocos2d/Platforms/iOS/EAGLView.h; sourceTree = "<group>"; };
		DBAC747C15CCF5EF00016453 /* EAGLView.m */ = {isa = PBXFileReference; lastKnownFileType = sourcecode.c.objc; name = EAGLView.m; path = libs/cocos2d/Platforms/iOS/EAGLView.m; sourceTree = "<group>"; };
		DBAC747E15CCF5EF00016453 /* ES1Renderer.h */ = {isa = PBXFileReference; lastKnownFileType = sourcecode.c.h; name = ES1Renderer.h; path = libs/cocos2d/Platforms/iOS/ES1Renderer.h; sourceTree = "<group>"; };
		DBAC747F15CCF5EF00016453 /* ES1Renderer.m */ = {isa = PBXFileReference; lastKnownFileType = sourcecode.c.objc; name = ES1Renderer.m; path = libs/cocos2d/Platforms/iOS/ES1Renderer.m; sourceTree = "<group>"; };
		DBAC748115CCF5EF00016453 /* ESRenderer.h */ = {isa = PBXFileReference; lastKnownFileType = sourcecode.c.h; name = ESRenderer.h; path = libs/cocos2d/Platforms/iOS/ESRenderer.h; sourceTree = "<group>"; };
		DBAC748215CCF5EF00016453 /* glu.c */ = {isa = PBXFileReference; lastKnownFileType = sourcecode.c.c; name = glu.c; path = libs/cocos2d/Platforms/iOS/glu.c; sourceTree = "<group>"; };
		DBAC748415CCF5EF00016453 /* glu.h */ = {isa = PBXFileReference; lastKnownFileType = sourcecode.c.h; name = glu.h; path = libs/cocos2d/Platforms/iOS/glu.h; sourceTree = "<group>"; };
		DBAC748615CCF5EF00016453 /* CCDirectorMac.h */ = {isa = PBXFileReference; lastKnownFileType = sourcecode.c.h; name = CCDirectorMac.h; path = libs/cocos2d/Platforms/Mac/CCDirectorMac.h; sourceTree = "<group>"; };
		DBAC748715CCF5EF00016453 /* CCDirectorMac.m */ = {isa = PBXFileReference; lastKnownFileType = sourcecode.c.objc; name = CCDirectorMac.m; path = libs/cocos2d/Platforms/Mac/CCDirectorMac.m; sourceTree = "<group>"; };
		DBAC748915CCF5EF00016453 /* CCEventDispatcher.h */ = {isa = PBXFileReference; lastKnownFileType = sourcecode.c.h; name = CCEventDispatcher.h; path = libs/cocos2d/Platforms/Mac/CCEventDispatcher.h; sourceTree = "<group>"; };
		DBAC748A15CCF5EF00016453 /* CCEventDispatcher.m */ = {isa = PBXFileReference; lastKnownFileType = sourcecode.c.objc; name = CCEventDispatcher.m; path = libs/cocos2d/Platforms/Mac/CCEventDispatcher.m; sourceTree = "<group>"; };
		DBAC748C15CCF5EF00016453 /* MacGLView.h */ = {isa = PBXFileReference; lastKnownFileType = sourcecode.c.h; name = MacGLView.h; path = libs/cocos2d/Platforms/Mac/MacGLView.h; sourceTree = "<group>"; };
		DBAC748D15CCF5EF00016453 /* MacGLView.m */ = {isa = PBXFileReference; lastKnownFileType = sourcecode.c.objc; name = MacGLView.m; path = libs/cocos2d/Platforms/Mac/MacGLView.m; sourceTree = "<group>"; };
		DBAC748F15CCF5EF00016453 /* MacWindow.h */ = {isa = PBXFileReference; lastKnownFileType = sourcecode.c.h; name = MacWindow.h; path = libs/cocos2d/Platforms/Mac/MacWindow.h; sourceTree = "<group>"; };
		DBAC749015CCF5EF00016453 /* MacWindow.m */ = {isa = PBXFileReference; lastKnownFileType = sourcecode.c.objc; name = MacWindow.m; path = libs/cocos2d/Platforms/Mac/MacWindow.m; sourceTree = "<group>"; };
		DBAC749315CCF5EF00016453 /* base64.c */ = {isa = PBXFileReference; lastKnownFileType = sourcecode.c.c; name = base64.c; path = libs/cocos2d/Support/base64.c; sourceTree = "<group>"; };
		DBAC749515CCF5EF00016453 /* base64.h */ = {isa = PBXFileReference; lastKnownFileType = sourcecode.c.h; name = base64.h; path = libs/cocos2d/Support/base64.h; sourceTree = "<group>"; };
		DBAC749615CCF5EF00016453 /* CCArray.h */ = {isa = PBXFileReference; lastKnownFileType = sourcecode.c.h; name = CCArray.h; path = libs/cocos2d/Support/CCArray.h; sourceTree = "<group>"; };
		DBAC749715CCF5EF00016453 /* CCArray.m */ = {isa = PBXFileReference; lastKnownFileType = sourcecode.c.objc; name = CCArray.m; path = libs/cocos2d/Support/CCArray.m; sourceTree = "<group>"; };
		DBAC749915CCF5EF00016453 /* ccCArray.h */ = {isa = PBXFileReference; lastKnownFileType = sourcecode.c.h; name = ccCArray.h; path = libs/cocos2d/Support/ccCArray.h; sourceTree = "<group>"; };
		DBAC749A15CCF5EF00016453 /* CCFileUtils.h */ = {isa = PBXFileReference; lastKnownFileType = sourcecode.c.h; name = CCFileUtils.h; path = libs/cocos2d/Support/CCFileUtils.h; sourceTree = "<group>"; };
		DBAC749B15CCF5EF00016453 /* CCFileUtils.m */ = {isa = PBXFileReference; lastKnownFileType = sourcecode.c.objc; name = CCFileUtils.m; path = libs/cocos2d/Support/CCFileUtils.m; sourceTree = "<group>"; };
		DBAC749D15CCF5EF00016453 /* CCProfiling.h */ = {isa = PBXFileReference; lastKnownFileType = sourcecode.c.h; name = CCProfiling.h; path = libs/cocos2d/Support/CCProfiling.h; sourceTree = "<group>"; };
		DBAC749E15CCF5EF00016453 /* CCProfiling.m */ = {isa = PBXFileReference; lastKnownFileType = sourcecode.c.objc; name = CCProfiling.m; path = libs/cocos2d/Support/CCProfiling.m; sourceTree = "<group>"; };
		DBAC74A015CCF5EF00016453 /* ccUtils.c */ = {isa = PBXFileReference; lastKnownFileType = sourcecode.c.c; name = ccUtils.c; path = libs/cocos2d/Support/ccUtils.c; sourceTree = "<group>"; };
		DBAC74A215CCF5EF00016453 /* ccUtils.h */ = {isa = PBXFileReference; lastKnownFileType = sourcecode.c.h; name = ccUtils.h; path = libs/cocos2d/Support/ccUtils.h; sourceTree = "<group>"; };
		DBAC74A315CCF5EF00016453 /* CGPointExtension.h */ = {isa = PBXFileReference; lastKnownFileType = sourcecode.c.h; name = CGPointExtension.h; path = libs/cocos2d/Support/CGPointExtension.h; sourceTree = "<group>"; };
		DBAC74A415CCF5EF00016453 /* CGPointExtension.m */ = {isa = PBXFileReference; lastKnownFileType = sourcecode.c.objc; name = CGPointExtension.m; path = libs/cocos2d/Support/CGPointExtension.m; sourceTree = "<group>"; };
		DBAC74A615CCF5EF00016453 /* OpenGL_Internal.h */ = {isa = PBXFileReference; lastKnownFileType = sourcecode.c.h; name = OpenGL_Internal.h; path = libs/cocos2d/Support/OpenGL_Internal.h; sourceTree = "<group>"; };
		DBAC74A715CCF5EF00016453 /* TGAlib.h */ = {isa = PBXFileReference; lastKnownFileType = sourcecode.c.h; name = TGAlib.h; path = libs/cocos2d/Support/TGAlib.h; sourceTree = "<group>"; };
		DBAC74A815CCF5EF00016453 /* TGAlib.m */ = {isa = PBXFileReference; lastKnownFileType = sourcecode.c.objc; name = TGAlib.m; path = libs/cocos2d/Support/TGAlib.m; sourceTree = "<group>"; };
		DBAC74AA15CCF5EF00016453 /* TransformUtils.h */ = {isa = PBXFileReference; lastKnownFileType = sourcecode.c.h; name = TransformUtils.h; path = libs/cocos2d/Support/TransformUtils.h; sourceTree = "<group>"; };
		DBAC74AB15CCF5EF00016453 /* TransformUtils.m */ = {isa = PBXFileReference; lastKnownFileType = sourcecode.c.objc; name = TransformUtils.m; path = libs/cocos2d/Support/TransformUtils.m; sourceTree = "<group>"; };
		DBAC74AD15CCF5EF00016453 /* uthash.h */ = {isa = PBXFileReference; lastKnownFileType = sourcecode.c.h; name = uthash.h; path = libs/cocos2d/Support/uthash.h; sourceTree = "<group>"; };
		DBAC74AE15CCF5EF00016453 /* utlist.h */ = {isa = PBXFileReference; lastKnownFileType = sourcecode.c.h; name = utlist.h; path = libs/cocos2d/Support/utlist.h; sourceTree = "<group>"; };
		DBAC74AF15CCF5EF00016453 /* ZipUtils.h */ = {isa = PBXFileReference; lastKnownFileType = sourcecode.c.h; name = ZipUtils.h; path = libs/cocos2d/Support/ZipUtils.h; sourceTree = "<group>"; };
		DBAC74B015CCF5EF00016453 /* ZipUtils.m */ = {isa = PBXFileReference; lastKnownFileType = sourcecode.c.objc; name = ZipUtils.m; path = libs/cocos2d/Support/ZipUtils.m; sourceTree = "<group>"; };
		DBAC74B215CCF5EF00016453 /* LICENSE_cocos2d.txt */ = {isa = PBXFileReference; lastKnownFileType = text; name = LICENSE_cocos2d.txt; path = libs/LICENSE_cocos2d.txt; sourceTree = "<group>"; };
		DBAC74B415CCF5EF00016453 /* CDAudioManager.h */ = {isa = PBXFileReference; lastKnownFileType = sourcecode.c.h; name = CDAudioManager.h; path = libs/CocosDenshion/CDAudioManager.h; sourceTree = "<group>"; };
		DBAC74B515CCF5EF00016453 /* CDAudioManager.m */ = {isa = PBXFileReference; lastKnownFileType = sourcecode.c.objc; name = CDAudioManager.m; path = libs/CocosDenshion/CDAudioManager.m; sourceTree = "<group>"; };
		DBAC74B715CCF5EF00016453 /* CDConfig.h */ = {isa = PBXFileReference; lastKnownFileType = sourcecode.c.h; name = CDConfig.h; path = libs/CocosDenshion/CDConfig.h; sourceTree = "<group>"; };
		DBAC74B815CCF5EF00016453 /* CDOpenALSupport.h */ = {isa = PBXFileReference; lastKnownFileType = sourcecode.c.h; name = CDOpenALSupport.h; path = libs/CocosDenshion/CDOpenALSupport.h; sourceTree = "<group>"; };
		DBAC74B915CCF5EF00016453 /* CDOpenALSupport.m */ = {isa = PBXFileReference; lastKnownFileType = sourcecode.c.objc; name = CDOpenALSupport.m; path = libs/CocosDenshion/CDOpenALSupport.m; sourceTree = "<group>"; };
		DBAC74BB15CCF5EF00016453 /* CocosDenshion.h */ = {isa = PBXFileReference; lastKnownFileType = sourcecode.c.h; name = CocosDenshion.h; path = libs/CocosDenshion/CocosDenshion.h; sourceTree = "<group>"; };
		DBAC74BC15CCF5EF00016453 /* CocosDenshion.m */ = {isa = PBXFileReference; lastKnownFileType = sourcecode.c.objc; name = CocosDenshion.m; path = libs/CocosDenshion/CocosDenshion.m; sourceTree = "<group>"; };
		DBAC74BE15CCF5EF00016453 /* SimpleAudioEngine.h */ = {isa = PBXFileReference; lastKnownFileType = sourcecode.c.h; name = SimpleAudioEngine.h; path = libs/CocosDenshion/SimpleAudioEngine.h; sourceTree = "<group>"; };
		DBAC74BF15CCF5EF00016453 /* SimpleAudioEngine.m */ = {isa = PBXFileReference; lastKnownFileType = sourcecode.c.objc; name = SimpleAudioEngine.m; path = libs/CocosDenshion/SimpleAudioEngine.m; sourceTree = "<group>"; };
		DBAC74C115CCF5EF00016453 /* LICENSE_CocosDenshion.txt */ = {isa = PBXFileReference; lastKnownFileType = text; name = LICENSE_CocosDenshion.txt; path = libs/LICENSE_CocosDenshion.txt; sourceTree = "<group>"; };
		DBAC74C315CCF5EF00016453 /* CLScoreServerPost.h */ = {isa = PBXFileReference; lastKnownFileType = sourcecode.c.h; name = CLScoreServerPost.h; path = libs/cocoslive/CLScoreServerPost.h; sourceTree = "<group>"; };
		DBAC74C415CCF5EF00016453 /* CLScoreServerPost.m */ = {isa = PBXFileReference; lastKnownFileType = sourcecode.c.objc; name = CLScoreServerPost.m; path = libs/cocoslive/CLScoreServerPost.m; sourceTree = "<group>"; };
		DBAC74C615CCF5EF00016453 /* CLScoreServerRequest.h */ = {isa = PBXFileReference; lastKnownFileType = sourcecode.c.h; name = CLScoreServerRequest.h; path = libs/cocoslive/CLScoreServerRequest.h; sourceTree = "<group>"; };
		DBAC74C715CCF5EF00016453 /* CLScoreServerRequest.m */ = {isa = PBXFileReference; lastKnownFileType = sourcecode.c.objc; name = CLScoreServerRequest.m; path = libs/cocoslive/CLScoreServerRequest.m; sourceTree = "<group>"; };
		DBAC74C915CCF5EF00016453 /* cocoslive.h */ = {isa = PBXFileReference; lastKnownFileType = sourcecode.c.h; name = cocoslive.h; path = libs/cocoslive/cocoslive.h; sourceTree = "<group>"; };
		DBAC74CA15CCF5EF00016453 /* cocoslive.m */ = {isa = PBXFileReference; lastKnownFileType = sourcecode.c.objc; name = cocoslive.m; path = libs/cocoslive/cocoslive.m; sourceTree = "<group>"; };
		DBAC74CC15CCF5EF00016453 /* LICENSE_TouchJSON.txt */ = {isa = PBXFileReference; lastKnownFileType = text; name = LICENSE_TouchJSON.txt; path = libs/LICENSE_TouchJSON.txt; sourceTree = "<group>"; };
		DBAC74CE15CCF5EF00016453 /* CDataScanner.h */ = {isa = PBXFileReference; lastKnownFileType = sourcecode.c.h; name = CDataScanner.h; path = libs/TouchJSON/CDataScanner.h; sourceTree = "<group>"; };
		DBAC74CF15CCF5EF00016453 /* CDataScanner.m */ = {isa = PBXFileReference; lastKnownFileType = sourcecode.c.objc; name = CDataScanner.m; path = libs/TouchJSON/CDataScanner.m; sourceTree = "<group>"; };
		DBAC74D215CCF5EF00016453 /* CDataScanner_Extensions.h */ = {isa = PBXFileReference; lastKnownFileType = sourcecode.c.h; name = CDataScanner_Extensions.h; path = libs/TouchJSON/Extensions/CDataScanner_Extensions.h; sourceTree = "<group>"; };
		DBAC74D315CCF5EF00016453 /* CDataScanner_Extensions.m */ = {isa = PBXFileReference; lastKnownFileType = sourcecode.c.objc; name = CDataScanner_Extensions.m; path = libs/TouchJSON/Extensions/CDataScanner_Extensions.m; sourceTree = "<group>"; };
		DBAC74D515CCF5EF00016453 /* NSDictionary_JSONExtensions.h */ = {isa = PBXFileReference; lastKnownFileType = sourcecode.c.h; name = NSDictionary_JSONExtensions.h; path = libs/TouchJSON/Extensions/NSDictionary_JSONExtensions.h; sourceTree = "<group>"; };
		DBAC74D615CCF5EF00016453 /* NSDictionary_JSONExtensions.m */ = {isa = PBXFileReference; lastKnownFileType = sourcecode.c.objc; name = NSDictionary_JSONExtensions.m; path = libs/TouchJSON/Extensions/NSDictionary_JSONExtensions.m; sourceTree = "<group>"; };
		DBAC74D915CCF5EF00016453 /* CJSONDeserializer.h */ = {isa = PBXFileReference; lastKnownFileType = sourcecode.c.h; name = CJSONDeserializer.h; path = libs/TouchJSON/JSON/CJSONDeserializer.h; sourceTree = "<group>"; };
		DBAC74DA15CCF5EF00016453 /* CJSONDeserializer.m */ = {isa = PBXFileReference; lastKnownFileType = sourcecode.c.objc; name = CJSONDeserializer.m; path = libs/TouchJSON/JSON/CJSONDeserializer.m; sourceTree = "<group>"; };
		DBAC74DC15CCF5EF00016453 /* CJSONScanner.h */ = {isa = PBXFileReference; lastKnownFileType = sourcecode.c.h; name = CJSONScanner.h; path = libs/TouchJSON/JSON/CJSONScanner.h; sourceTree = "<group>"; };
		DBAC74DD15CCF5EF00016453 /* CJSONScanner.m */ = {isa = PBXFileReference; lastKnownFileType = sourcecode.c.objc; name = CJSONScanner.m; path = libs/TouchJSON/JSON/CJSONScanner.m; sourceTree = "<group>"; };
		DBAC74DF15CCF5EF00016453 /* CJSONSerializer.h */ = {isa = PBXFileReference; lastKnownFileType = sourcecode.c.h; name = CJSONSerializer.h; path = libs/TouchJSON/JSON/CJSONSerializer.h; sourceTree = "<group>"; };
		DBAC74E015CCF5EF00016453 /* CJSONSerializer.m */ = {isa = PBXFileReference; lastKnownFileType = sourcecode.c.objc; name = CJSONSerializer.m; path = libs/TouchJSON/JSON/CJSONSerializer.m; sourceTree = "<group>"; };
		DBAC74E215CCF5EF00016453 /* JSONRepresentation.h */ = {isa = PBXFileReference; lastKnownFileType = sourcecode.c.h; name = JSONRepresentation.h; path = libs/TouchJSON/JSON/JSONRepresentation.h; sourceTree = "<group>"; };
		DBAC74E415CCF5EF00016453 /* FontLabel.h */ = {isa = PBXFileReference; lastKnownFileType = sourcecode.c.h; name = FontLabel.h; path = libs/FontLabel/FontLabel.h; sourceTree = "<group>"; };
		DBAC74E515CCF5EF00016453 /* FontLabel.m */ = {isa = PBXFileReference; lastKnownFileType = sourcecode.c.objc; name = FontLabel.m; path = libs/FontLabel/FontLabel.m; sourceTree = "<group>"; };
		DBAC74E715CCF5EF00016453 /* FontLabelStringDrawing.h */ = {isa = PBXFileReference; lastKnownFileType = sourcecode.c.h; name = FontLabelStringDrawing.h; path = libs/FontLabel/FontLabelStringDrawing.h; sourceTree = "<group>"; };
		DBAC74E815CCF5EF00016453 /* FontLabelStringDrawing.m */ = {isa = PBXFileReference; lastKnownFileType = sourcecode.c.objc; name = FontLabelStringDrawing.m; path = libs/FontLabel/FontLabelStringDrawing.m; sourceTree = "<group>"; };
		DBAC74EA15CCF5EF00016453 /* FontManager.h */ = {isa = PBXFileReference; lastKnownFileType = sourcecode.c.h; name = FontManager.h; path = libs/FontLabel/FontManager.h; sourceTree = "<group>"; };
		DBAC74EB15CCF5EF00016453 /* FontManager.m */ = {isa = PBXFileReference; lastKnownFileType = sourcecode.c.objc; name = FontManager.m; path = libs/FontLabel/FontManager.m; sourceTree = "<group>"; };
		DBAC74ED15CCF5EF00016453 /* ZAttributedString.h */ = {isa = PBXFileReference; lastKnownFileType = sourcecode.c.h; name = ZAttributedString.h; path = libs/FontLabel/ZAttributedString.h; sourceTree = "<group>"; };
		DBAC74EE15CCF5EF00016453 /* ZAttributedString.m */ = {isa = PBXFileReference; lastKnownFileType = sourcecode.c.objc; name = ZAttributedString.m; path = libs/FontLabel/ZAttributedString.m; sourceTree = "<group>"; };
		DBAC74F015CCF5EF00016453 /* ZAttributedStringPrivate.h */ = {isa = PBXFileReference; lastKnownFileType = sourcecode.c.h; name = ZAttributedStringPrivate.h; path = libs/FontLabel/ZAttributedStringPrivate.h; sourceTree = "<group>"; };
		DBAC74F115CCF5EF00016453 /* ZFont.h */ = {isa = PBXFileReference; lastKnownFileType = sourcecode.c.h; name = ZFont.h; path = libs/FontLabel/ZFont.h; sourceTree = "<group>"; };
		DBAC74F215CCF5EF00016453 /* ZFont.m */ = {isa = PBXFileReference; lastKnownFileType = sourcecode.c.objc; name = ZFont.m; path = libs/FontLabel/ZFont.m; sourceTree = "<group>"; };
		DBAC74F415CCF5EF00016453 /* LICENSE_FontLabel.txt */ = {isa = PBXFileReference; lastKnownFileType = text; name = LICENSE_FontLabel.txt; path = libs/LICENSE_FontLabel.txt; sourceTree = "<group>"; };
		DBAC74F615CCF5EF00016453 /* Prefix.pch */ = {isa = PBXFileReference; lastKnownFileType = sourcecode.c.h; path = Prefix.pch; sourceTree = "<group>"; };
		DBAC74F715CCF5EF00016453 /* main.m */ = {isa = PBXFileReference; lastKnownFileType = sourcecode.c.objc; path = main.m; sourceTree = "<group>"; };
		DBAC74F915CCF5EF00016453 /* AppDelegate.h */ = {isa = PBXFileReference; lastKnownFileType = sourcecode.c.h; path = AppDelegate.h; sourceTree = "<group>"; };
		DBAC74FA15CCF5EF00016453 /* AppDelegate.m */ = {isa = PBXFileReference; lastKnownFileType = sourcecode.c.objc; path = AppDelegate.m; sourceTree = "<group>"; };
		DBAC74FC15CCF5EF00016453 /* RootViewController.h */ = {isa = PBXFileReference; lastKnownFileType = sourcecode.c.h; path = RootViewController.h; sourceTree = "<group>"; };
		DBAC74FD15CCF5EF00016453 /* RootViewController.m */ = {isa = PBXFileReference; lastKnownFileType = sourcecode.c.objc; path = RootViewController.m; sourceTree = "<group>"; };
		DBAC74FF15CCF5EF00016453 /* EggTimerLayer.h */ = {isa = PBXFileReference; lastKnownFileType = sourcecode.c.h; path = EggTimerLayer.h; sourceTree = "<group>"; };
		DBAC750015CCF5EF00016453 /* EggTimerLayer.m */ = {isa = PBXFileReference; lastKnownFileType = sourcecode.c.objc; path = EggTimerLayer.m; sourceTree = "<group>"; };
		DBAC750215CCF5EF00016453 /* GameConfig.h */ = {isa = PBXFileReference; lastKnownFileType = sourcecode.c.h; path = GameConfig.h; sourceTree = "<group>"; };
		DBAC750E15CCFA4900016453 /* bg-o.png */ = {isa = PBXFileReference; lastKnownFileType = image.png; path = "bg-o.png"; sourceTree = "<group>"; };
		DBB68A3E15F10F85007E3129 /* CCShake.h */ = {isa = PBXFileReference; fileEncoding = 4; lastKnownFileType = sourcecode.c.h; path = CCShake.h; sourceTree = "<group>"; };
		DBB68A3F15F10F85007E3129 /* CCShake.m */ = {isa = PBXFileReference; fileEncoding = 4; lastKnownFileType = sourcecode.c.objc; path = CCShake.m; sourceTree = "<group>"; };
/* End PBXFileReference section */

/* Begin PBXFrameworksBuildPhase section */
		DBAC739015CCF5ED00016453 /* Frameworks */ = {
			isa = PBXFrameworksBuildPhase;
			buildActionMask = 2147483647;
			files = (
				DBAC739815CCF5ED00016453 /* QuartzCore.framework in Frameworks */,
				DBAC739A15CCF5ED00016453 /* OpenGLES.framework in Frameworks */,
				DBAC739C15CCF5ED00016453 /* OpenAL.framework in Frameworks */,
				DBAC739E15CCF5ED00016453 /* AudioToolbox.framework in Frameworks */,
				DBAC73A015CCF5ED00016453 /* AVFoundation.framework in Frameworks */,
				DBAC73A215CCF5ED00016453 /* UIKit.framework in Frameworks */,
				DBAC73A415CCF5ED00016453 /* Foundation.framework in Frameworks */,
				DBAC73A615CCF5ED00016453 /* CoreGraphics.framework in Frameworks */,
			);
			runOnlyForDeploymentPostprocessing = 0;
		};
/* End PBXFrameworksBuildPhase section */

/* Begin PBXGroup section */
		DBAC738815CCF5ED00016453 = {
			isa = PBXGroup;
			children = (
				DBAC73A715CCF5ED00016453 /* eggtimer */,
				DBAC739615CCF5ED00016453 /* Frameworks */,
				DBAC739415CCF5ED00016453 /* Products */,
			);
			sourceTree = "<group>";
		};
		DBAC739415CCF5ED00016453 /* Products */ = {
			isa = PBXGroup;
			children = (
				DBAC739315CCF5ED00016453 /* eggtimer.app */,
			);
			name = Products;
			sourceTree = "<group>";
		};
		DBAC739615CCF5ED00016453 /* Frameworks */ = {
			isa = PBXGroup;
			children = (
				DBAC739715CCF5ED00016453 /* QuartzCore.framework */,
				DBAC739915CCF5ED00016453 /* OpenGLES.framework */,
				DBAC739B15CCF5ED00016453 /* OpenAL.framework */,
				DBAC739D15CCF5ED00016453 /* AudioToolbox.framework */,
				DBAC739F15CCF5ED00016453 /* AVFoundation.framework */,
				DBAC73A115CCF5ED00016453 /* UIKit.framework */,
				DBAC73A315CCF5ED00016453 /* Foundation.framework */,
				DBAC73A515CCF5ED00016453 /* CoreGraphics.framework */,
			);
			name = Frameworks;
			sourceTree = "<group>";
		};
		DBAC73A715CCF5ED00016453 /* eggtimer */ = {
			isa = PBXGroup;
			children = (
				DB6F517D15F39EB000D19428 /* turn.mp3 */,
				DB47F9D215F382320009E9AA /* clock2.mp3 */,
				DB47F9C115F3773A0009E9AA /* CLKTICK3.wav */,
				DB47F9D015F380990009E9AA /* cuckoo4.wav */,
				DB47F9CE15F37E710009E9AA /* clock1.mp3 */,
				DB47F9CC15F37BB00009E9AA /* clock.wav */,
				DBAC74F915CCF5EF00016453 /* AppDelegate.h */,
				DBAC74FA15CCF5EF00016453 /* AppDelegate.m */,
				DBAC74FC15CCF5EF00016453 /* RootViewController.h */,
				DBAC74FD15CCF5EF00016453 /* RootViewController.m */,
				DBAC74FF15CCF5EF00016453 /* EggTimerLayer.h */,
				DBAC750015CCF5EF00016453 /* EggTimerLayer.m */,
				DBAC750215CCF5EF00016453 /* GameConfig.h */,
				DB52674515CCFDA300F6233E /* egg.png */,
				DB6ADFB4160629F90032A4F9 /* leftright-d.png */,
				DB6ADFB8160630A60032A4F9 /* updown-d.png */,
				DB6ADFBA160632730032A4F9 /* updownd.png */,
				DB6ADFB2160628770032A4F9 /* egg2.png */,
				DBA22BEA160EBAA700A94FC7 /* egg2-red.png */,
				DBA22BEC160EBCFE00A94FC7 /* bg.png */,
				DBAC750E15CCFA4900016453 /* bg-o.png */,
				DBAC73A815CCF5ED00016453 /* Resources */,
				DBAC73BC15CCF5ED00016453 /* libs */,
				DBAC74F515CCF5EF00016453 /* Supporting Files */,
				DBB68A3E15F10F85007E3129 /* CCShake.h */,
				DBB68A3F15F10F85007E3129 /* CCShake.m */,
			);
			path = eggtimer;
			sourceTree = "<group>";
		};
		DBAC73A815CCF5ED00016453 /* Resources */ = {
			isa = PBXGroup;
			children = (
				DB55414015FC4A86003DCC6C /* Default.png */,
				DB55414115FC4A86003DCC6C /* Default@2x.png */,
				DB6AB96E15FC49CF001884A6 /* Icon-72.png */,
				DB6AB96F15FC49CF001884A6 /* Icon-Small-50.png */,
				DB6AB97015FC49CF001884A6 /* Icon-Small.png */,
				DB6AB97115FC49CF001884A6 /* Icon-Small@2x.png */,
				DB6AB97215FC49CF001884A6 /* Icon.png */,
				DB6AB97315FC49CF001884A6 /* Icon@2x.png */,
				DB6AB97415FC49CF001884A6 /* iTunesArtwork.png */,
				DBAC73AB15CCF5ED00016453 /* fps_images.png */,
				DBAC73B915CCF5ED00016453 /* Info.plist */,
			);
			name = Resources;
			sourceTree = "<group>";
		};
		DBAC73BC15CCF5ED00016453 /* libs */ = {
			isa = PBXGroup;
			children = (
				DBAC74B215CCF5EF00016453 /* LICENSE_cocos2d.txt */,
				DBAC74C115CCF5EF00016453 /* LICENSE_CocosDenshion.txt */,
				DBAC74CC15CCF5EF00016453 /* LICENSE_TouchJSON.txt */,
				DBAC74F415CCF5EF00016453 /* LICENSE_FontLabel.txt */,
				DBAC73BD15CCF5ED00016453 /* cocos2d */,
				DBAC74B315CCF5EF00016453 /* CocosDenshion */,
				DBAC74C215CCF5EF00016453 /* cocoslive */,
				DBAC74CD15CCF5EF00016453 /* TouchJSON */,
				DBAC74E315CCF5EF00016453 /* FontLabel */,
			);
			name = libs;
			sourceTree = "<group>";
		};
		DBAC73BD15CCF5ED00016453 /* cocos2d */ = {
			isa = PBXGroup;
			children = (
				DBAC73BE15CCF5ED00016453 /* CCAction.h */,
				DBAC73BF15CCF5ED00016453 /* CCAction.m */,
				DBAC73C115CCF5ED00016453 /* CCActionCamera.h */,
				DBAC73C215CCF5ED00016453 /* CCActionCamera.m */,
				DBAC73C415CCF5ED00016453 /* CCActionEase.h */,
				DBAC73C515CCF5ED00016453 /* CCActionEase.m */,
				DBAC73C715CCF5ED00016453 /* CCActionGrid.h */,
				DBAC73C815CCF5ED00016453 /* CCActionGrid.m */,
				DBAC73CA15CCF5ED00016453 /* CCActionGrid3D.h */,
				DBAC73CB15CCF5ED00016453 /* CCActionGrid3D.m */,
				DBAC73CD15CCF5ED00016453 /* CCActionInstant.h */,
				DBAC73CE15CCF5ED00016453 /* CCActionInstant.m */,
				DBAC73D015CCF5ED00016453 /* CCActionInterval.h */,
				DBAC73D115CCF5ED00016453 /* CCActionInterval.m */,
				DBAC73D315CCF5ED00016453 /* CCActionManager.h */,
				DBAC73D415CCF5ED00016453 /* CCActionManager.m */,
				DBAC73D615CCF5ED00016453 /* CCActionPageTurn3D.h */,
				DBAC73D715CCF5ED00016453 /* CCActionPageTurn3D.m */,
				DBAC73D915CCF5ED00016453 /* CCActionProgressTimer.h */,
				DBAC73DA15CCF5ED00016453 /* CCActionProgressTimer.m */,
				DBAC73DC15CCF5ED00016453 /* CCActionTiledGrid.h */,
				DBAC73DD15CCF5ED00016453 /* CCActionTiledGrid.m */,
				DBAC73DF15CCF5ED00016453 /* CCActionTween.h */,
				DBAC73E015CCF5ED00016453 /* CCActionTween.m */,
				DBAC73E215CCF5ED00016453 /* CCAnimation.h */,
				DBAC73E315CCF5ED00016453 /* CCAnimation.m */,
				DBAC73E515CCF5ED00016453 /* CCAnimationCache.h */,
				DBAC73E615CCF5ED00016453 /* CCAnimationCache.m */,
				DBAC73E815CCF5ED00016453 /* CCAtlasNode.h */,
				DBAC73E915CCF5ED00016453 /* CCAtlasNode.m */,
				DBAC73EB15CCF5ED00016453 /* CCBlockSupport.h */,
				DBAC73EC15CCF5ED00016453 /* CCBlockSupport.m */,
				DBAC73EE15CCF5ED00016453 /* CCCamera.h */,
				DBAC73EF15CCF5ED00016453 /* CCCamera.m */,
				DBAC73F115CCF5ED00016453 /* ccConfig.h */,
				DBAC73F215CCF5ED00016453 /* CCConfiguration.h */,
				DBAC73F315CCF5ED00016453 /* CCConfiguration.m */,
				DBAC73F515CCF5ED00016453 /* CCDirector.h */,
				DBAC73F615CCF5ED00016453 /* CCDirector.m */,
				DBAC73F815CCF5ED00016453 /* CCDrawingPrimitives.h */,
				DBAC73F915CCF5ED00016453 /* CCDrawingPrimitives.m */,
				DBAC73FB15CCF5ED00016453 /* CCGrabber.h */,
				DBAC73FC15CCF5EE00016453 /* CCGrabber.m */,
				DBAC73FE15CCF5EE00016453 /* CCGrid.h */,
				DBAC73FF15CCF5EE00016453 /* CCGrid.m */,
				DBAC740115CCF5EE00016453 /* CCLabelAtlas.h */,
				DBAC740215CCF5EE00016453 /* CCLabelAtlas.m */,
				DBAC740415CCF5EE00016453 /* CCLabelBMFont.h */,
				DBAC740515CCF5EE00016453 /* CCLabelBMFont.m */,
				DBAC740715CCF5EE00016453 /* CCLabelTTF.h */,
				DBAC740815CCF5EE00016453 /* CCLabelTTF.m */,
				DBAC740A15CCF5EE00016453 /* CCLayer.h */,
				DBAC740B15CCF5EE00016453 /* CCLayer.m */,
				DBAC740D15CCF5EE00016453 /* ccMacros.h */,
				DBAC740E15CCF5EE00016453 /* CCMenu.h */,
				DBAC740F15CCF5EE00016453 /* CCMenu.m */,
				DBAC741115CCF5EE00016453 /* CCMenuItem.h */,
				DBAC741215CCF5EE00016453 /* CCMenuItem.m */,
				DBAC741415CCF5EE00016453 /* CCMotionStreak.h */,
				DBAC741515CCF5EE00016453 /* CCMotionStreak.m */,
				DBAC741715CCF5EE00016453 /* CCNode.h */,
				DBAC741815CCF5EE00016453 /* CCNode.m */,
				DBAC741A15CCF5EE00016453 /* CCParallaxNode.h */,
				DBAC741B15CCF5EE00016453 /* CCParallaxNode.m */,
				DBAC741D15CCF5EE00016453 /* CCParticleExamples.h */,
				DBAC741E15CCF5EE00016453 /* CCParticleExamples.m */,
				DBAC742015CCF5EE00016453 /* CCParticleSystem.h */,
				DBAC742115CCF5EE00016453 /* CCParticleSystem.m */,
				DBAC742315CCF5EE00016453 /* CCParticleSystemPoint.h */,
				DBAC742415CCF5EE00016453 /* CCParticleSystemPoint.m */,
				DBAC742615CCF5EE00016453 /* CCParticleSystemQuad.h */,
				DBAC742715CCF5EE00016453 /* CCParticleSystemQuad.m */,
				DBAC742915CCF5EE00016453 /* CCProgressTimer.h */,
				DBAC742A15CCF5EE00016453 /* CCProgressTimer.m */,
				DBAC742C15CCF5EE00016453 /* CCProtocols.h */,
				DBAC742D15CCF5EE00016453 /* CCRenderTexture.h */,
				DBAC742E15CCF5EE00016453 /* CCRenderTexture.m */,
				DBAC743015CCF5EE00016453 /* CCRibbon.h */,
				DBAC743115CCF5EE00016453 /* CCRibbon.m */,
				DBAC743315CCF5EE00016453 /* CCScene.h */,
				DBAC743415CCF5EE00016453 /* CCScene.m */,
				DBAC743615CCF5EE00016453 /* CCScheduler.h */,
				DBAC743715CCF5EE00016453 /* CCScheduler.m */,
				DBAC743915CCF5EE00016453 /* CCSprite.h */,
				DBAC743A15CCF5EE00016453 /* CCSprite.m */,
				DBAC743C15CCF5EE00016453 /* CCSpriteBatchNode.h */,
				DBAC743D15CCF5EE00016453 /* CCSpriteBatchNode.m */,
				DBAC743F15CCF5EE00016453 /* CCSpriteFrame.h */,
				DBAC744015CCF5EE00016453 /* CCSpriteFrame.m */,
				DBAC744215CCF5EE00016453 /* CCSpriteFrameCache.h */,
				DBAC744315CCF5EE00016453 /* CCSpriteFrameCache.m */,
				DBAC744515CCF5EE00016453 /* CCTexture2D.h */,
				DBAC744615CCF5EE00016453 /* CCTexture2D.m */,
				DBAC744815CCF5EE00016453 /* CCTextureAtlas.h */,
				DBAC744915CCF5EE00016453 /* CCTextureAtlas.m */,
				DBAC744B15CCF5EE00016453 /* CCTextureCache.h */,
				DBAC744C15CCF5EE00016453 /* CCTextureCache.m */,
				DBAC744E15CCF5EE00016453 /* CCTexturePVR.h */,
				DBAC744F15CCF5EE00016453 /* CCTexturePVR.m */,
				DBAC745115CCF5EE00016453 /* CCTileMapAtlas.h */,
				DBAC745215CCF5EE00016453 /* CCTileMapAtlas.m */,
				DBAC745415CCF5EE00016453 /* CCTMXLayer.h */,
				DBAC745515CCF5EE00016453 /* CCTMXLayer.m */,
				DBAC745715CCF5EE00016453 /* CCTMXObjectGroup.h */,
				DBAC745815CCF5EE00016453 /* CCTMXObjectGroup.m */,
				DBAC745A15CCF5EE00016453 /* CCTMXTiledMap.h */,
				DBAC745B15CCF5EE00016453 /* CCTMXTiledMap.m */,
				DBAC745D15CCF5EE00016453 /* CCTMXXMLParser.h */,
				DBAC745E15CCF5EE00016453 /* CCTMXXMLParser.m */,
				DBAC746015CCF5EE00016453 /* CCTransition.h */,
				DBAC746115CCF5EE00016453 /* CCTransition.m */,
				DBAC746315CCF5EE00016453 /* CCTransitionPageTurn.h */,
				DBAC746415CCF5EE00016453 /* CCTransitionPageTurn.m */,
				DBAC746615CCF5EE00016453 /* CCTransitionRadial.h */,
				DBAC746715CCF5EE00016453 /* CCTransitionRadial.m */,
				DBAC746915CCF5EE00016453 /* ccTypes.h */,
				DBAC746A15CCF5EE00016453 /* cocos2d.h */,
				DBAC746B15CCF5EE00016453 /* cocos2d.m */,
				DBAC746D15CCF5EE00016453 /* Platforms */,
				DBAC749215CCF5EF00016453 /* Support */,
			);
			name = cocos2d;
			sourceTree = "<group>";
		};
		DBAC746D15CCF5EE00016453 /* Platforms */ = {
			isa = PBXGroup;
			children = (
				DBAC746E15CCF5EE00016453 /* CCGL.h */,
				DBAC746F15CCF5EE00016453 /* CCNS.h */,
				DBAC747015CCF5EE00016453 /* iOS */,
				DBAC748515CCF5EF00016453 /* Mac */,
			);
			name = Platforms;
			sourceTree = "<group>";
		};
		DBAC747015CCF5EE00016453 /* iOS */ = {
			isa = PBXGroup;
			children = (
				DBAC747115CCF5EE00016453 /* CCDirectorIOS.h */,
				DBAC747215CCF5EE00016453 /* CCDirectorIOS.m */,
				DBAC747415CCF5EF00016453 /* CCTouchDelegateProtocol.h */,
				DBAC747515CCF5EF00016453 /* CCTouchDispatcher.h */,
				DBAC747615CCF5EF00016453 /* CCTouchDispatcher.m */,
				DBAC747815CCF5EF00016453 /* CCTouchHandler.h */,
				DBAC747915CCF5EF00016453 /* CCTouchHandler.m */,
				DBAC747B15CCF5EF00016453 /* EAGLView.h */,
				DBAC747C15CCF5EF00016453 /* EAGLView.m */,
				DBAC747E15CCF5EF00016453 /* ES1Renderer.h */,
				DBAC747F15CCF5EF00016453 /* ES1Renderer.m */,
				DBAC748115CCF5EF00016453 /* ESRenderer.h */,
				DBAC748215CCF5EF00016453 /* glu.c */,
				DBAC748415CCF5EF00016453 /* glu.h */,
			);
			name = iOS;
			sourceTree = "<group>";
		};
		DBAC748515CCF5EF00016453 /* Mac */ = {
			isa = PBXGroup;
			children = (
				DBAC748615CCF5EF00016453 /* CCDirectorMac.h */,
				DBAC748715CCF5EF00016453 /* CCDirectorMac.m */,
				DBAC748915CCF5EF00016453 /* CCEventDispatcher.h */,
				DBAC748A15CCF5EF00016453 /* CCEventDispatcher.m */,
				DBAC748C15CCF5EF00016453 /* MacGLView.h */,
				DBAC748D15CCF5EF00016453 /* MacGLView.m */,
				DBAC748F15CCF5EF00016453 /* MacWindow.h */,
				DBAC749015CCF5EF00016453 /* MacWindow.m */,
			);
			name = Mac;
			sourceTree = "<group>";
		};
		DBAC749215CCF5EF00016453 /* Support */ = {
			isa = PBXGroup;
			children = (
				DBAC749315CCF5EF00016453 /* base64.c */,
				DBAC749515CCF5EF00016453 /* base64.h */,
				DBAC749615CCF5EF00016453 /* CCArray.h */,
				DBAC749715CCF5EF00016453 /* CCArray.m */,
				DBAC749915CCF5EF00016453 /* ccCArray.h */,
				DBAC749A15CCF5EF00016453 /* CCFileUtils.h */,
				DBAC749B15CCF5EF00016453 /* CCFileUtils.m */,
				DBAC749D15CCF5EF00016453 /* CCProfiling.h */,
				DBAC749E15CCF5EF00016453 /* CCProfiling.m */,
				DBAC74A015CCF5EF00016453 /* ccUtils.c */,
				DBAC74A215CCF5EF00016453 /* ccUtils.h */,
				DBAC74A315CCF5EF00016453 /* CGPointExtension.h */,
				DBAC74A415CCF5EF00016453 /* CGPointExtension.m */,
				DBAC74A615CCF5EF00016453 /* OpenGL_Internal.h */,
				DBAC74A715CCF5EF00016453 /* TGAlib.h */,
				DBAC74A815CCF5EF00016453 /* TGAlib.m */,
				DBAC74AA15CCF5EF00016453 /* TransformUtils.h */,
				DBAC74AB15CCF5EF00016453 /* TransformUtils.m */,
				DBAC74AD15CCF5EF00016453 /* uthash.h */,
				DBAC74AE15CCF5EF00016453 /* utlist.h */,
				DBAC74AF15CCF5EF00016453 /* ZipUtils.h */,
				DBAC74B015CCF5EF00016453 /* ZipUtils.m */,
			);
			name = Support;
			sourceTree = "<group>";
		};
		DBAC74B315CCF5EF00016453 /* CocosDenshion */ = {
			isa = PBXGroup;
			children = (
				DBAC74B415CCF5EF00016453 /* CDAudioManager.h */,
				DBAC74B515CCF5EF00016453 /* CDAudioManager.m */,
				DBAC74B715CCF5EF00016453 /* CDConfig.h */,
				DBAC74B815CCF5EF00016453 /* CDOpenALSupport.h */,
				DBAC74B915CCF5EF00016453 /* CDOpenALSupport.m */,
				DBAC74BB15CCF5EF00016453 /* CocosDenshion.h */,
				DBAC74BC15CCF5EF00016453 /* CocosDenshion.m */,
				DBAC74BE15CCF5EF00016453 /* SimpleAudioEngine.h */,
				DBAC74BF15CCF5EF00016453 /* SimpleAudioEngine.m */,
			);
			name = CocosDenshion;
			sourceTree = "<group>";
		};
		DBAC74C215CCF5EF00016453 /* cocoslive */ = {
			isa = PBXGroup;
			children = (
				DBAC74C315CCF5EF00016453 /* CLScoreServerPost.h */,
				DBAC74C415CCF5EF00016453 /* CLScoreServerPost.m */,
				DBAC74C615CCF5EF00016453 /* CLScoreServerRequest.h */,
				DBAC74C715CCF5EF00016453 /* CLScoreServerRequest.m */,
				DBAC74C915CCF5EF00016453 /* cocoslive.h */,
				DBAC74CA15CCF5EF00016453 /* cocoslive.m */,
			);
			name = cocoslive;
			sourceTree = "<group>";
		};
		DBAC74CD15CCF5EF00016453 /* TouchJSON */ = {
			isa = PBXGroup;
			children = (
				DBAC74CE15CCF5EF00016453 /* CDataScanner.h */,
				DBAC74CF15CCF5EF00016453 /* CDataScanner.m */,
				DBAC74D115CCF5EF00016453 /* Extensions */,
				DBAC74D815CCF5EF00016453 /* JSON */,
			);
			name = TouchJSON;
			sourceTree = "<group>";
		};
		DBAC74D115CCF5EF00016453 /* Extensions */ = {
			isa = PBXGroup;
			children = (
				DBAC74D215CCF5EF00016453 /* CDataScanner_Extensions.h */,
				DBAC74D315CCF5EF00016453 /* CDataScanner_Extensions.m */,
				DBAC74D515CCF5EF00016453 /* NSDictionary_JSONExtensions.h */,
				DBAC74D615CCF5EF00016453 /* NSDictionary_JSONExtensions.m */,
			);
			name = Extensions;
			sourceTree = "<group>";
		};
		DBAC74D815CCF5EF00016453 /* JSON */ = {
			isa = PBXGroup;
			children = (
				DBAC74D915CCF5EF00016453 /* CJSONDeserializer.h */,
				DBAC74DA15CCF5EF00016453 /* CJSONDeserializer.m */,
				DBAC74DC15CCF5EF00016453 /* CJSONScanner.h */,
				DBAC74DD15CCF5EF00016453 /* CJSONScanner.m */,
				DBAC74DF15CCF5EF00016453 /* CJSONSerializer.h */,
				DBAC74E015CCF5EF00016453 /* CJSONSerializer.m */,
				DBAC74E215CCF5EF00016453 /* JSONRepresentation.h */,
			);
			name = JSON;
			sourceTree = "<group>";
		};
		DBAC74E315CCF5EF00016453 /* FontLabel */ = {
			isa = PBXGroup;
			children = (
				DBAC74E415CCF5EF00016453 /* FontLabel.h */,
				DBAC74E515CCF5EF00016453 /* FontLabel.m */,
				DBAC74E715CCF5EF00016453 /* FontLabelStringDrawing.h */,
				DBAC74E815CCF5EF00016453 /* FontLabelStringDrawing.m */,
				DBAC74EA15CCF5EF00016453 /* FontManager.h */,
				DBAC74EB15CCF5EF00016453 /* FontManager.m */,
				DBAC74ED15CCF5EF00016453 /* ZAttributedString.h */,
				DBAC74EE15CCF5EF00016453 /* ZAttributedString.m */,
				DBAC74F015CCF5EF00016453 /* ZAttributedStringPrivate.h */,
				DBAC74F115CCF5EF00016453 /* ZFont.h */,
				DBAC74F215CCF5EF00016453 /* ZFont.m */,
			);
			name = FontLabel;
			sourceTree = "<group>";
		};
		DBAC74F515CCF5EF00016453 /* Supporting Files */ = {
			isa = PBXGroup;
			children = (
				DBAC74F615CCF5EF00016453 /* Prefix.pch */,
				DBAC74F715CCF5EF00016453 /* main.m */,
			);
			name = "Supporting Files";
			sourceTree = "<group>";
		};
/* End PBXGroup section */

/* Begin PBXNativeTarget section */
		DBAC739215CCF5ED00016453 /* eggtimer */ = {
			isa = PBXNativeTarget;
			buildConfigurationList = DBAC750515CCF5EF00016453 /* Build configuration list for PBXNativeTarget "eggtimer" */;
			buildPhases = (
				DBAC738F15CCF5ED00016453 /* Sources */,
				DBAC739015CCF5ED00016453 /* Frameworks */,
				DBAC739115CCF5ED00016453 /* Resources */,
			);
			buildRules = (
			);
			dependencies = (
			);
			name = eggtimer;
			productName = eggtimer;
			productReference = DBAC739315CCF5ED00016453 /* eggtimer.app */;
			productType = "com.apple.product-type.application";
		};
/* End PBXNativeTarget section */

/* Begin PBXProject section */
		DBAC738A15CCF5ED00016453 /* Project object */ = {
			isa = PBXProject;
			attributes = {
				LastUpgradeCheck = 0420;
			};
			buildConfigurationList = DBAC738D15CCF5ED00016453 /* Build configuration list for PBXProject "eggtimer" */;
			compatibilityVersion = "Xcode 3.2";
			developmentRegion = English;
			hasScannedForEncodings = 0;
			knownRegions = (
				en,
			);
			mainGroup = DBAC738815CCF5ED00016453;
			productRefGroup = DBAC739415CCF5ED00016453 /* Products */;
			projectDirPath = "";
			projectRoot = "";
			targets = (
				DBAC739215CCF5ED00016453 /* eggtimer */,
			);
		};
/* End PBXProject section */

/* Begin PBXResourcesBuildPhase section */
		DBAC739115CCF5ED00016453 /* Resources */ = {
			isa = PBXResourcesBuildPhase;
			buildActionMask = 2147483647;
			files = (
				DBAC73AC15CCF5ED00016453 /* fps_images.png in Resources */,
				DBAC750F15CCFA4900016453 /* bg-o.png in Resources */,
				DB52674615CCFDA300F6233E /* egg.png in Resources */,
				DB47F9C215F3773B0009E9AA /* CLKTICK3.wav in Resources */,
				DB47F9CD15F37BB00009E9AA /* clock.wav in Resources */,
				DB47F9CF15F37E710009E9AA /* clock1.mp3 in Resources */,
				DB47F9D115F380990009E9AA /* cuckoo4.wav in Resources */,
				DB47F9D315F382320009E9AA /* clock2.mp3 in Resources */,
				DB6F517E15F39EB000D19428 /* turn.mp3 in Resources */,
				DB6AB97515FC49CF001884A6 /* Icon-72.png in Resources */,
				DB6AB97615FC49CF001884A6 /* Icon-Small-50.png in Resources */,
				DB6AB97715FC49CF001884A6 /* Icon-Small.png in Resources */,
				DB6AB97815FC49CF001884A6 /* Icon-Small@2x.png in Resources */,
				DB6AB97915FC49CF001884A6 /* Icon.png in Resources */,
				DB6AB97A15FC49CF001884A6 /* Icon@2x.png in Resources */,
				DB6AB97B15FC49CF001884A6 /* iTunesArtwork.png in Resources */,
				DB55414215FC4A86003DCC6C /* Default.png in Resources */,
				DB55414315FC4A86003DCC6C /* Default@2x.png in Resources */,
				DB6ADFB3160628770032A4F9 /* egg2.png in Resources */,
				DB6ADFB6160629F90032A4F9 /* leftright-d.png in Resources */,
				DB6ADFB9160630A60032A4F9 /* updown-d.png in Resources */,
				DB6ADFBB160632740032A4F9 /* updownd.png in Resources */,
				DBA22BEB160EBAA700A94FC7 /* egg2-red.png in Resources */,
				DBA22BED160EBCFE00A94FC7 /* bg.png in Resources */,
			);
			runOnlyForDeploymentPostprocessing = 0;
		};
/* End PBXResourcesBuildPhase section */

/* Begin PBXSourcesBuildPhase section */
		DBAC738F15CCF5ED00016453 /* Sources */ = {
			isa = PBXSourcesBuildPhase;
			buildActionMask = 2147483647;
			files = (
				DBAC73C015CCF5ED00016453 /* CCAction.m in Sources */,
				DBAC73C315CCF5ED00016453 /* CCActionCamera.m in Sources */,
				DBAC73C615CCF5ED00016453 /* CCActionEase.m in Sources */,
				DBAC73C915CCF5ED00016453 /* CCActionGrid.m in Sources */,
				DBAC73CC15CCF5ED00016453 /* CCActionGrid3D.m in Sources */,
				DBAC73CF15CCF5ED00016453 /* CCActionInstant.m in Sources */,
				DBAC73D215CCF5ED00016453 /* CCActionInterval.m in Sources */,
				DBAC73D515CCF5ED00016453 /* CCActionManager.m in Sources */,
				DBAC73D815CCF5ED00016453 /* CCActionPageTurn3D.m in Sources */,
				DBAC73DB15CCF5ED00016453 /* CCActionProgressTimer.m in Sources */,
				DBAC73DE15CCF5ED00016453 /* CCActionTiledGrid.m in Sources */,
				DBAC73E115CCF5ED00016453 /* CCActionTween.m in Sources */,
				DBAC73E415CCF5ED00016453 /* CCAnimation.m in Sources */,
				DBAC73E715CCF5ED00016453 /* CCAnimationCache.m in Sources */,
				DBAC73EA15CCF5ED00016453 /* CCAtlasNode.m in Sources */,
				DBAC73ED15CCF5ED00016453 /* CCBlockSupport.m in Sources */,
				DBAC73F015CCF5ED00016453 /* CCCamera.m in Sources */,
				DBAC73F415CCF5ED00016453 /* CCConfiguration.m in Sources */,
				DBAC73F715CCF5ED00016453 /* CCDirector.m in Sources */,
				DBAC73FA15CCF5ED00016453 /* CCDrawingPrimitives.m in Sources */,
				DBAC73FD15CCF5EE00016453 /* CCGrabber.m in Sources */,
				DBAC740015CCF5EE00016453 /* CCGrid.m in Sources */,
				DBAC740315CCF5EE00016453 /* CCLabelAtlas.m in Sources */,
				DBAC740615CCF5EE00016453 /* CCLabelBMFont.m in Sources */,
				DBAC740915CCF5EE00016453 /* CCLabelTTF.m in Sources */,
				DBAC740C15CCF5EE00016453 /* CCLayer.m in Sources */,
				DBAC741015CCF5EE00016453 /* CCMenu.m in Sources */,
				DBAC741315CCF5EE00016453 /* CCMenuItem.m in Sources */,
				DBAC741615CCF5EE00016453 /* CCMotionStreak.m in Sources */,
				DBAC741915CCF5EE00016453 /* CCNode.m in Sources */,
				DBAC741C15CCF5EE00016453 /* CCParallaxNode.m in Sources */,
				DBAC741F15CCF5EE00016453 /* CCParticleExamples.m in Sources */,
				DBAC742215CCF5EE00016453 /* CCParticleSystem.m in Sources */,
				DBAC742515CCF5EE00016453 /* CCParticleSystemPoint.m in Sources */,
				DBAC742815CCF5EE00016453 /* CCParticleSystemQuad.m in Sources */,
				DBAC742B15CCF5EE00016453 /* CCProgressTimer.m in Sources */,
				DBAC742F15CCF5EE00016453 /* CCRenderTexture.m in Sources */,
				DBAC743215CCF5EE00016453 /* CCRibbon.m in Sources */,
				DBAC743515CCF5EE00016453 /* CCScene.m in Sources */,
				DBAC743815CCF5EE00016453 /* CCScheduler.m in Sources */,
				DBAC743B15CCF5EE00016453 /* CCSprite.m in Sources */,
				DBAC743E15CCF5EE00016453 /* CCSpriteBatchNode.m in Sources */,
				DBAC744115CCF5EE00016453 /* CCSpriteFrame.m in Sources */,
				DBAC744415CCF5EE00016453 /* CCSpriteFrameCache.m in Sources */,
				DBAC744715CCF5EE00016453 /* CCTexture2D.m in Sources */,
				DBAC744A15CCF5EE00016453 /* CCTextureAtlas.m in Sources */,
				DBAC744D15CCF5EE00016453 /* CCTextureCache.m in Sources */,
				DBAC745015CCF5EE00016453 /* CCTexturePVR.m in Sources */,
				DBAC745315CCF5EE00016453 /* CCTileMapAtlas.m in Sources */,
				DBAC745615CCF5EE00016453 /* CCTMXLayer.m in Sources */,
				DBAC745915CCF5EE00016453 /* CCTMXObjectGroup.m in Sources */,
				DBAC745C15CCF5EE00016453 /* CCTMXTiledMap.m in Sources */,
				DBAC745F15CCF5EE00016453 /* CCTMXXMLParser.m in Sources */,
				DBAC746215CCF5EE00016453 /* CCTransition.m in Sources */,
				DBAC746515CCF5EE00016453 /* CCTransitionPageTurn.m in Sources */,
				DBAC746815CCF5EE00016453 /* CCTransitionRadial.m in Sources */,
				DBAC746C15CCF5EE00016453 /* cocos2d.m in Sources */,
				DBAC747315CCF5EE00016453 /* CCDirectorIOS.m in Sources */,
				DBAC747715CCF5EF00016453 /* CCTouchDispatcher.m in Sources */,
				DBAC747A15CCF5EF00016453 /* CCTouchHandler.m in Sources */,
				DBAC747D15CCF5EF00016453 /* EAGLView.m in Sources */,
				DBAC748015CCF5EF00016453 /* ES1Renderer.m in Sources */,
				DBAC748315CCF5EF00016453 /* glu.c in Sources */,
				DBAC748815CCF5EF00016453 /* CCDirectorMac.m in Sources */,
				DBAC748B15CCF5EF00016453 /* CCEventDispatcher.m in Sources */,
				DBAC748E15CCF5EF00016453 /* MacGLView.m in Sources */,
				DBAC749115CCF5EF00016453 /* MacWindow.m in Sources */,
				DBAC749415CCF5EF00016453 /* base64.c in Sources */,
				DBAC749815CCF5EF00016453 /* CCArray.m in Sources */,
				DBAC749C15CCF5EF00016453 /* CCFileUtils.m in Sources */,
				DBAC749F15CCF5EF00016453 /* CCProfiling.m in Sources */,
				DBAC74A115CCF5EF00016453 /* ccUtils.c in Sources */,
				DBAC74A515CCF5EF00016453 /* CGPointExtension.m in Sources */,
				DBAC74A915CCF5EF00016453 /* TGAlib.m in Sources */,
				DBAC74AC15CCF5EF00016453 /* TransformUtils.m in Sources */,
				DBAC74B115CCF5EF00016453 /* ZipUtils.m in Sources */,
				DBAC74B615CCF5EF00016453 /* CDAudioManager.m in Sources */,
				DBAC74BA15CCF5EF00016453 /* CDOpenALSupport.m in Sources */,
				DBAC74BD15CCF5EF00016453 /* CocosDenshion.m in Sources */,
				DBAC74C015CCF5EF00016453 /* SimpleAudioEngine.m in Sources */,
				DBAC74C515CCF5EF00016453 /* CLScoreServerPost.m in Sources */,
				DBAC74C815CCF5EF00016453 /* CLScoreServerRequest.m in Sources */,
				DBAC74CB15CCF5EF00016453 /* cocoslive.m in Sources */,
				DBAC74D015CCF5EF00016453 /* CDataScanner.m in Sources */,
				DBAC74D415CCF5EF00016453 /* CDataScanner_Extensions.m in Sources */,
				DBAC74D715CCF5EF00016453 /* NSDictionary_JSONExtensions.m in Sources */,
				DBAC74DB15CCF5EF00016453 /* CJSONDeserializer.m in Sources */,
				DBAC74DE15CCF5EF00016453 /* CJSONScanner.m in Sources */,
				DBAC74E115CCF5EF00016453 /* CJSONSerializer.m in Sources */,
				DBAC74E615CCF5EF00016453 /* FontLabel.m in Sources */,
				DBAC74E915CCF5EF00016453 /* FontLabelStringDrawing.m in Sources */,
				DBAC74EC15CCF5EF00016453 /* FontManager.m in Sources */,
				DBAC74EF15CCF5EF00016453 /* ZAttributedString.m in Sources */,
				DBAC74F315CCF5EF00016453 /* ZFont.m in Sources */,
				DBAC74F815CCF5EF00016453 /* main.m in Sources */,
				DBAC74FB15CCF5EF00016453 /* AppDelegate.m in Sources */,
				DBAC74FE15CCF5EF00016453 /* RootViewController.m in Sources */,
				DBAC750115CCF5EF00016453 /* EggTimerLayer.m in Sources */,
				DBB68A4015F10F85007E3129 /* CCShake.m in Sources */,
			);
			runOnlyForDeploymentPostprocessing = 0;
		};
/* End PBXSourcesBuildPhase section */

/* Begin XCBuildConfiguration section */
		DBAC750315CCF5EF00016453 /* Debug */ = {
			isa = XCBuildConfiguration;
			buildSettings = {
				ARCHS = "$(ARCHS_STANDARD_32_BIT)";
				CODE_SIGN_IDENTITY = "iPhone Developer: Li Chiang Cheng (6F2PD9MTDB)";
				"CODE_SIGN_IDENTITY[sdk=iphoneos*]" = "iPhone Developer: Li Chiang Cheng (6F2PD9MTDB)";
				GCC_C_LANGUAGE_STANDARD = gnu99;
				GCC_OPTIMIZATION_LEVEL = 0;
				GCC_PREPROCESSOR_DEFINITIONS = (
					DEBUG,
					"COCOS2D_DEBUG=1",
				);
				GCC_SYMBOLS_PRIVATE_EXTERN = NO;
				GCC_VERSION = com.apple.compilers.llvmgcc42;
				GCC_WARN_ABOUT_RETURN_TYPE = YES;
				GCC_WARN_UNUSED_VARIABLE = YES;
				IPHONEOS_DEPLOYMENT_TARGET = 5.0;
				PROVISIONING_PROFILE = "058D0E0B-26B7-4B29-B544-D7A59371EB3B";
				"PROVISIONING_PROFILE[sdk=iphoneos*]" = "058D0E0B-26B7-4B29-B544-D7A59371EB3B";
				SDKROOT = iphoneos5.0;
			};
			name = Debug;
		};
		DBAC750415CCF5EF00016453 /* Release */ = {
			isa = XCBuildConfiguration;
			buildSettings = {
				ARCHS = "$(ARCHS_STANDARD_32_BIT)";
				CODE_SIGN_IDENTITY = "iPhone Developer: Li Chiang Cheng (6F2PD9MTDB)";
				"CODE_SIGN_IDENTITY[sdk=iphoneos*]" = "iPhone Developer: Li Chiang Cheng (6F2PD9MTDB)";
				GCC_C_LANGUAGE_STANDARD = gnu99;
				GCC_PREPROCESSOR_DEFINITIONS = NDEBUG;
				GCC_VERSION = com.apple.compilers.llvmgcc42;
				GCC_WARN_ABOUT_RETURN_TYPE = YES;
				GCC_WARN_UNUSED_VARIABLE = YES;
				IPHONEOS_DEPLOYMENT_TARGET = 5.0;
				OTHER_CFLAGS = "-DNS_BLOCK_ASSERTIONS=1";
				PROVISIONING_PROFILE = "058D0E0B-26B7-4B29-B544-D7A59371EB3B";
				"PROVISIONING_PROFILE[sdk=iphoneos*]" = "058D0E0B-26B7-4B29-B544-D7A59371EB3B";
				SDKROOT = iphoneos5.0;
			};
			name = Release;
		};
		DBAC750615CCF5EF00016453 /* Debug */ = {
			isa = XCBuildConfiguration;
			buildSettings = {
				ALWAYS_SEARCH_USER_PATHS = NO;
				CODE_SIGN_IDENTITY = "iPhone Developer: Li Chiang Cheng (6F2PD9MTDB)";
				"CODE_SIGN_IDENTITY[sdk=iphoneos*]" = "iPhone Developer: Li Chiang Cheng (6F2PD9MTDB)";
				COPY_PHASE_STRIP = NO;
				GCC_DYNAMIC_NO_PIC = NO;
				GCC_PRECOMPILE_PREFIX_HEADER = YES;
				GCC_PREFIX_HEADER = eggtimer/Prefix.pch;
				"GCC_THUMB_SUPPORT[arch=armv6]" = "";
				INFOPLIST_FILE = eggtimer/Resources/Info.plist;
				OTHER_LDFLAGS = "-lz";
				PRODUCT_NAME = "$(TARGET_NAME)";
				PROVISIONING_PROFILE = "058D0E0B-26B7-4B29-B544-D7A59371EB3B";
				"PROVISIONING_PROFILE[sdk=iphoneos*]" = "058D0E0B-26B7-4B29-B544-D7A59371EB3B";
				WRAPPER_EXTENSION = app;
			};
			name = Debug;
		};
		DBAC750715CCF5EF00016453 /* Release */ = {
			isa = XCBuildConfiguration;
			buildSettings = {
				ALWAYS_SEARCH_USER_PATHS = NO;
				CODE_SIGN_IDENTITY = "iPhone Developer: Li Chiang Cheng (6F2PD9MTDB)";
				"CODE_SIGN_IDENTITY[sdk=iphoneos*]" = "iPhone Developer: Li Chiang Cheng (6F2PD9MTDB)";
				COPY_PHASE_STRIP = YES;
				GCC_PRECOMPILE_PREFIX_HEADER = YES;
				GCC_PREFIX_HEADER = eggtimer/Prefix.pch;
				"GCC_THUMB_SUPPORT[arch=armv6]" = "";
				INFOPLIST_FILE = eggtimer/Resources/Info.plist;
				OTHER_LDFLAGS = "-lz";
				PRODUCT_NAME = "$(TARGET_NAME)";
				PROVISIONING_PROFILE = "058D0E0B-26B7-4B29-B544-D7A59371EB3B";
				"PROVISIONING_PROFILE[sdk=iphoneos*]" = "058D0E0B-26B7-4B29-B544-D7A59371EB3B";
				VALIDATE_PRODUCT = YES;
				WRAPPER_EXTENSION = app;
			};
			name = Release;
		};
/* End XCBuildConfiguration section */

/* Begin XCConfigurationList section */
		DBAC738D15CCF5ED00016453 /* Build configuration list for PBXProject "eggtimer" */ = {
			isa = XCConfigurationList;
			buildConfigurations = (
				DBAC750315CCF5EF00016453 /* Debug */,
				DBAC750415CCF5EF00016453 /* Release */,
			);
			defaultConfigurationIsVisible = 0;
			defaultConfigurationName = Release;
		};
		DBAC750515CCF5EF00016453 /* Build configuration list for PBXNativeTarget "eggtimer" */ = {
			isa = XCConfigurationList;
			buildConfigurations = (
				DBAC750615CCF5EF00016453 /* Debug */,
				DBAC750715CCF5EF00016453 /* Release */,
			);
			defaultConfigurationIsVisible = 0;
			defaultConfigurationName = Release;
		};
/* End XCConfigurationList section */
	};
	rootObject = DBAC738A15CCF5ED00016453 /* Project object */;
}
